// !$*UTF8*$!
{
	archiveVersion = 1;
	classes = {
	};
	objectVersion = 55;
	objects = {

/* Begin PBXBuildFile section */
		18E1F09E1051E6DE1E166647 /* Pods_D2DTests.framework in Frameworks */ = {isa = PBXBuildFile; fileRef = 2177F02650D6D7C80EC60E69 /* Pods_D2DTests.framework */; };
		20B947E293766FBF71B2D237 /* Pods_D2D_D2DUITests.framework in Frameworks */ = {isa = PBXBuildFile; fileRef = 12FFD203F7BCF4B2C3A88E40 /* Pods_D2D_D2DUITests.framework */; };
		300F49D50675943377F89F9D /* Pods_D2D.framework in Frameworks */ = {isa = PBXBuildFile; fileRef = 17589D88A6B8FA71531F04A2 /* Pods_D2D.framework */; };
		306AD23526FF3374000A58B9 /* AppDelegate.swift in Sources */ = {isa = PBXBuildFile; fileRef = 306AD23426FF3374000A58B9 /* AppDelegate.swift */; };
		306AD23726FF3374000A58B9 /* SceneDelegate.swift in Sources */ = {isa = PBXBuildFile; fileRef = 306AD23626FF3374000A58B9 /* SceneDelegate.swift */; };
		306AD23926FF3374000A58B9 /* WelcomeViewController.swift in Sources */ = {isa = PBXBuildFile; fileRef = 306AD23826FF3374000A58B9 /* WelcomeViewController.swift */; };
		306AD24126FF3378000A58B9 /* LaunchScreen.storyboard in Resources */ = {isa = PBXBuildFile; fileRef = 306AD23F26FF3378000A58B9 /* LaunchScreen.storyboard */; };
		306AD24C26FF3379000A58B9 /* D2DTests.swift in Sources */ = {isa = PBXBuildFile; fileRef = 306AD24B26FF3379000A58B9 /* D2DTests.swift */; };
		306AD25626FF3379000A58B9 /* D2DUITests.swift in Sources */ = {isa = PBXBuildFile; fileRef = 306AD25526FF3379000A58B9 /* D2DUITests.swift */; };
		306AD25826FF3379000A58B9 /* D2DUITestsLaunchTests.swift in Sources */ = {isa = PBXBuildFile; fileRef = 306AD25726FF3379000A58B9 /* D2DUITestsLaunchTests.swift */; };
		CB7E464C273B25AA005CD92E /* MapViewController.storyboard in Resources */ = {isa = PBXBuildFile; fileRef = CB7E464B273B25AA005CD92E /* MapViewController.storyboard */; };
		CB7E464E273B369A005CD92E /* Login.storyboard in Resources */ = {isa = PBXBuildFile; fileRef = CB7E464D273B369A005CD92E /* Login.storyboard */; };
		CB7E4650273B370A005CD92E /* SignUp.storyboard in Resources */ = {isa = PBXBuildFile; fileRef = CB7E464F273B370A005CD92E /* SignUp.storyboard */; };
		CB7E4652273C0559005CD92E /* Main.storyboard in Resources */ = {isa = PBXBuildFile; fileRef = CB7E4651273C0559005CD92E /* Main.storyboard */; };
		CBA52A0A27298FB600E72140 /* Chat.storyboard in Resources */ = {isa = PBXBuildFile; fileRef = CBA52A0927298FB600E72140 /* Chat.storyboard */; };
		CBA52A0C272993FE00E72140 /* PostLogin.storyboard in Resources */ = {isa = PBXBuildFile; fileRef = CBA52A0B272993FE00E72140 /* PostLogin.storyboard */; };
		CBC10E1527301F7300144557 /* LoginViewController.swift in Sources */ = {isa = PBXBuildFile; fileRef = CBC10E1427301F7300144557 /* LoginViewController.swift */; };
		CBC10E172730215700144557 /* SignupViewController.swift in Sources */ = {isa = PBXBuildFile; fileRef = CBC10E162730215700144557 /* SignupViewController.swift */; };
		CBC10E192730217C00144557 /* LoginSignupViewController.swift in Sources */ = {isa = PBXBuildFile; fileRef = CBC10E182730217C00144557 /* LoginSignupViewController.swift */; };
		CBC10E1B273021A400144557 /* PostLoginViewController.swift in Sources */ = {isa = PBXBuildFile; fileRef = CBC10E1A273021A400144557 /* PostLoginViewController.swift */; };
		CBC10E1D273021B600144557 /* ChatViewController.swift in Sources */ = {isa = PBXBuildFile; fileRef = CBC10E1C273021B600144557 /* ChatViewController.swift */; };
		CBC10E232730752100144557 /* MapView.swift in Sources */ = {isa = PBXBuildFile; fileRef = CBC10E222730752100144557 /* MapView.swift */; };
		CBC10E252730855000144557 /* MapViewModel.swift in Sources */ = {isa = PBXBuildFile; fileRef = CBC10E242730855000144557 /* MapViewModel.swift */; };
/* End PBXBuildFile section */

/* Begin PBXContainerItemProxy section */
		306AD24826FF3378000A58B9 /* PBXContainerItemProxy */ = {
			isa = PBXContainerItemProxy;
			containerPortal = 306AD22926FF3374000A58B9 /* Project object */;
			proxyType = 1;
			remoteGlobalIDString = 306AD23026FF3374000A58B9;
			remoteInfo = D2D;
		};
		306AD25226FF3379000A58B9 /* PBXContainerItemProxy */ = {
			isa = PBXContainerItemProxy;
			containerPortal = 306AD22926FF3374000A58B9 /* Project object */;
			proxyType = 1;
			remoteGlobalIDString = 306AD23026FF3374000A58B9;
			remoteInfo = D2D;
		};
/* End PBXContainerItemProxy section */

/* Begin PBXFileReference section */
		12FFD203F7BCF4B2C3A88E40 /* Pods_D2D_D2DUITests.framework */ = {isa = PBXFileReference; explicitFileType = wrapper.framework; includeInIndex = 0; path = Pods_D2D_D2DUITests.framework; sourceTree = BUILT_PRODUCTS_DIR; };
		17589D88A6B8FA71531F04A2 /* Pods_D2D.framework */ = {isa = PBXFileReference; explicitFileType = wrapper.framework; includeInIndex = 0; path = Pods_D2D.framework; sourceTree = BUILT_PRODUCTS_DIR; };
		1F58A9AEB6DED3697C4B6890 /* Pods-D2D.release.xcconfig */ = {isa = PBXFileReference; includeInIndex = 1; lastKnownFileType = text.xcconfig; name = "Pods-D2D.release.xcconfig"; path = "Target Support Files/Pods-D2D/Pods-D2D.release.xcconfig"; sourceTree = "<group>"; };
		2177F02650D6D7C80EC60E69 /* Pods_D2DTests.framework */ = {isa = PBXFileReference; explicitFileType = wrapper.framework; includeInIndex = 0; path = Pods_D2DTests.framework; sourceTree = BUILT_PRODUCTS_DIR; };
		306AD23126FF3374000A58B9 /* D2D.app */ = {isa = PBXFileReference; explicitFileType = wrapper.application; includeInIndex = 0; path = D2D.app; sourceTree = BUILT_PRODUCTS_DIR; };
		306AD23426FF3374000A58B9 /* AppDelegate.swift */ = {isa = PBXFileReference; lastKnownFileType = sourcecode.swift; path = AppDelegate.swift; sourceTree = "<group>"; };
		306AD23626FF3374000A58B9 /* SceneDelegate.swift */ = {isa = PBXFileReference; lastKnownFileType = sourcecode.swift; path = SceneDelegate.swift; sourceTree = "<group>"; };
		306AD23826FF3374000A58B9 /* WelcomeViewController.swift */ = {isa = PBXFileReference; lastKnownFileType = sourcecode.swift; path = WelcomeViewController.swift; sourceTree = "<group>"; };
		306AD24026FF3378000A58B9 /* Base */ = {isa = PBXFileReference; lastKnownFileType = file.storyboard; name = Base; path = Base.lproj/LaunchScreen.storyboard; sourceTree = "<group>"; };
		306AD24226FF3378000A58B9 /* Info.plist */ = {isa = PBXFileReference; lastKnownFileType = text.plist.xml; path = Info.plist; sourceTree = "<group>"; };
		306AD24726FF3378000A58B9 /* D2DTests.xctest */ = {isa = PBXFileReference; explicitFileType = wrapper.cfbundle; includeInIndex = 0; path = D2DTests.xctest; sourceTree = BUILT_PRODUCTS_DIR; };
		306AD24B26FF3379000A58B9 /* D2DTests.swift */ = {isa = PBXFileReference; lastKnownFileType = sourcecode.swift; path = D2DTests.swift; sourceTree = "<group>"; };
		306AD25126FF3379000A58B9 /* D2DUITests.xctest */ = {isa = PBXFileReference; explicitFileType = wrapper.cfbundle; includeInIndex = 0; path = D2DUITests.xctest; sourceTree = BUILT_PRODUCTS_DIR; };
		306AD25526FF3379000A58B9 /* D2DUITests.swift */ = {isa = PBXFileReference; lastKnownFileType = sourcecode.swift; path = D2DUITests.swift; sourceTree = "<group>"; };
		306AD25726FF3379000A58B9 /* D2DUITestsLaunchTests.swift */ = {isa = PBXFileReference; lastKnownFileType = sourcecode.swift; path = D2DUITestsLaunchTests.swift; sourceTree = "<group>"; };
		90469C58D6D02F0B11C064BF /* Pods-D2D-D2DUITests.debug.xcconfig */ = {isa = PBXFileReference; includeInIndex = 1; lastKnownFileType = text.xcconfig; name = "Pods-D2D-D2DUITests.debug.xcconfig"; path = "Target Support Files/Pods-D2D-D2DUITests/Pods-D2D-D2DUITests.debug.xcconfig"; sourceTree = "<group>"; };
		B105381A98DA877215163CD8 /* Pods-D2DTests.debug.xcconfig */ = {isa = PBXFileReference; includeInIndex = 1; lastKnownFileType = text.xcconfig; name = "Pods-D2DTests.debug.xcconfig"; path = "Target Support Files/Pods-D2DTests/Pods-D2DTests.debug.xcconfig"; sourceTree = "<group>"; };
		B92DEE06BEF2A5F08D10F6F6 /* Pods-D2D-D2DUITests.release.xcconfig */ = {isa = PBXFileReference; includeInIndex = 1; lastKnownFileType = text.xcconfig; name = "Pods-D2D-D2DUITests.release.xcconfig"; path = "Target Support Files/Pods-D2D-D2DUITests/Pods-D2D-D2DUITests.release.xcconfig"; sourceTree = "<group>"; };
		C5C78D35B55871A7E0DC9A7F /* Pods-D2DTests.release.xcconfig */ = {isa = PBXFileReference; includeInIndex = 1; lastKnownFileType = text.xcconfig; name = "Pods-D2DTests.release.xcconfig"; path = "Target Support Files/Pods-D2DTests/Pods-D2DTests.release.xcconfig"; sourceTree = "<group>"; };
		CB7E464B273B25AA005CD92E /* MapViewController.storyboard */ = {isa = PBXFileReference; lastKnownFileType = file.storyboard; path = MapViewController.storyboard; sourceTree = "<group>"; };
		CB7E464D273B369A005CD92E /* Login.storyboard */ = {isa = PBXFileReference; lastKnownFileType = file.storyboard; path = Login.storyboard; sourceTree = "<group>"; };
		CB7E464F273B370A005CD92E /* SignUp.storyboard */ = {isa = PBXFileReference; lastKnownFileType = file.storyboard; path = SignUp.storyboard; sourceTree = "<group>"; };
		CB7E4651273C0559005CD92E /* Main.storyboard */ = {isa = PBXFileReference; lastKnownFileType = file.storyboard; path = Main.storyboard; sourceTree = "<group>"; };
		CBA52A0927298FB600E72140 /* Chat.storyboard */ = {isa = PBXFileReference; lastKnownFileType = file.storyboard; path = Chat.storyboard; sourceTree = "<group>"; };
		CBA52A0B272993FE00E72140 /* PostLogin.storyboard */ = {isa = PBXFileReference; lastKnownFileType = file.storyboard; path = PostLogin.storyboard; sourceTree = "<group>"; };
		CBC10E1427301F7300144557 /* LoginViewController.swift */ = {isa = PBXFileReference; lastKnownFileType = sourcecode.swift; path = LoginViewController.swift; sourceTree = "<group>"; };
		CBC10E162730215700144557 /* SignupViewController.swift */ = {isa = PBXFileReference; lastKnownFileType = sourcecode.swift; path = SignupViewController.swift; sourceTree = "<group>"; };
		CBC10E182730217C00144557 /* LoginSignupViewController.swift */ = {isa = PBXFileReference; lastKnownFileType = sourcecode.swift; path = LoginSignupViewController.swift; sourceTree = "<group>"; };
		CBC10E1A273021A400144557 /* PostLoginViewController.swift */ = {isa = PBXFileReference; lastKnownFileType = sourcecode.swift; path = PostLoginViewController.swift; sourceTree = "<group>"; };
		CBC10E1C273021B600144557 /* ChatViewController.swift */ = {isa = PBXFileReference; lastKnownFileType = sourcecode.swift; path = ChatViewController.swift; sourceTree = "<group>"; };
		CBC10E222730752100144557 /* MapView.swift */ = {isa = PBXFileReference; lastKnownFileType = sourcecode.swift; path = MapView.swift; sourceTree = "<group>"; };
		CBC10E242730855000144557 /* MapViewModel.swift */ = {isa = PBXFileReference; lastKnownFileType = sourcecode.swift; path = MapViewModel.swift; sourceTree = "<group>"; };
		FFA6B408F8EBAB6FCE2B6F17 /* Pods-D2D.debug.xcconfig */ = {isa = PBXFileReference; includeInIndex = 1; lastKnownFileType = text.xcconfig; name = "Pods-D2D.debug.xcconfig"; path = "Target Support Files/Pods-D2D/Pods-D2D.debug.xcconfig"; sourceTree = "<group>"; };
/* End PBXFileReference section */

/* Begin PBXFrameworksBuildPhase section */
		306AD22E26FF3374000A58B9 /* Frameworks */ = {
			isa = PBXFrameworksBuildPhase;
			buildActionMask = 2147483647;
			files = (
				300F49D50675943377F89F9D /* Pods_D2D.framework in Frameworks */,
			);
			runOnlyForDeploymentPostprocessing = 0;
		};
		306AD24426FF3378000A58B9 /* Frameworks */ = {
			isa = PBXFrameworksBuildPhase;
			buildActionMask = 2147483647;
			files = (
				18E1F09E1051E6DE1E166647 /* Pods_D2DTests.framework in Frameworks */,
			);
			runOnlyForDeploymentPostprocessing = 0;
		};
		306AD24E26FF3379000A58B9 /* Frameworks */ = {
			isa = PBXFrameworksBuildPhase;
			buildActionMask = 2147483647;
			files = (
				20B947E293766FBF71B2D237 /* Pods_D2D_D2DUITests.framework in Frameworks */,
			);
			runOnlyForDeploymentPostprocessing = 0;
		};
/* End PBXFrameworksBuildPhase section */

/* Begin PBXGroup section */
		306AD22826FF3374000A58B9 = {
			isa = PBXGroup;
			children = (
				306AD23326FF3374000A58B9 /* D2D */,
				306AD24A26FF3379000A58B9 /* D2DTests */,
				306AD25426FF3379000A58B9 /* D2DUITests */,
				306AD23226FF3374000A58B9 /* Products */,
				FBE3F578A2E0145F012C4962 /* Pods */,
				997B31C5BFF3FFDE121EDE86 /* Frameworks */,
			);
			sourceTree = "<group>";
		};
		306AD23226FF3374000A58B9 /* Products */ = {
			isa = PBXGroup;
			children = (
				306AD23126FF3374000A58B9 /* D2D.app */,
				306AD24726FF3378000A58B9 /* D2DTests.xctest */,
				306AD25126FF3379000A58B9 /* D2DUITests.xctest */,
			);
			name = Products;
			sourceTree = "<group>";
		};
		306AD23326FF3374000A58B9 /* D2D */ = {
			isa = PBXGroup;
			children = (
				CB04BA972728034300FBD3BF /* Models */,
				30B18EFC270F52440058905C /* Resources */,
				CB04BA9A2728036000FBD3BF /* Controllers */,
				CB04BA982728035000FBD3BF /* Views */,
				306AD24226FF3378000A58B9 /* Info.plist */,
			);
			path = D2D;
			sourceTree = "<group>";
		};
		306AD24A26FF3379000A58B9 /* D2DTests */ = {
			isa = PBXGroup;
			children = (
				306AD24B26FF3379000A58B9 /* D2DTests.swift */,
			);
			path = D2DTests;
			sourceTree = "<group>";
		};
		306AD25426FF3379000A58B9 /* D2DUITests */ = {
			isa = PBXGroup;
			children = (
				306AD25526FF3379000A58B9 /* D2DUITests.swift */,
				306AD25726FF3379000A58B9 /* D2DUITestsLaunchTests.swift */,
			);
			path = D2DUITests;
			sourceTree = "<group>";
		};
		30B18EFC270F52440058905C /* Resources */ = {
			isa = PBXGroup;
			children = (
				306AD23426FF3374000A58B9 /* AppDelegate.swift */,
				306AD23626FF3374000A58B9 /* SceneDelegate.swift */,
			);
			path = Resources;
			sourceTree = "<group>";
		};
		997B31C5BFF3FFDE121EDE86 /* Frameworks */ = {
			isa = PBXGroup;
			children = (
				17589D88A6B8FA71531F04A2 /* Pods_D2D.framework */,
				12FFD203F7BCF4B2C3A88E40 /* Pods_D2D_D2DUITests.framework */,
				2177F02650D6D7C80EC60E69 /* Pods_D2DTests.framework */,
			);
			name = Frameworks;
			sourceTree = "<group>";
		};
		CB04BA972728034300FBD3BF /* Models */ = {
			isa = PBXGroup;
			children = (
			);
			name = Models;
			sourceTree = "<group>";
		};
		CB04BA982728035000FBD3BF /* Views */ = {
			isa = PBXGroup;
			children = (
				CB7E4651273C0559005CD92E /* Main.storyboard */,
				CB7E464F273B370A005CD92E /* SignUp.storyboard */,
				CB7E464D273B369A005CD92E /* Login.storyboard */,
				CBA52A0B272993FE00E72140 /* PostLogin.storyboard */,
				CBA52A0927298FB600E72140 /* Chat.storyboard */,
				CB7E464B273B25AA005CD92E /* MapViewController.storyboard */,
				306AD23F26FF3378000A58B9 /* LaunchScreen.storyboard */,
			);
			path = Views;
			sourceTree = "<group>";
		};
		CB04BA9A2728036000FBD3BF /* Controllers */ = {
			isa = PBXGroup;
			children = (
				CBC10E222730752100144557 /* MapView.swift */,
				CBC10E242730855000144557 /* MapViewModel.swift */,
				306AD23826FF3374000A58B9 /* WelcomeViewController.swift */,
				CBC10E1427301F7300144557 /* LoginViewController.swift */,
				CBC10E162730215700144557 /* SignupViewController.swift */,
				CBC10E182730217C00144557 /* LoginSignupViewController.swift */,
				CBC10E1A273021A400144557 /* PostLoginViewController.swift */,
				CBC10E1C273021B600144557 /* ChatViewController.swift */,
			);
			path = Controllers;
			sourceTree = "<group>";
		};
		FBE3F578A2E0145F012C4962 /* Pods */ = {
			isa = PBXGroup;
			children = (
				FFA6B408F8EBAB6FCE2B6F17 /* Pods-D2D.debug.xcconfig */,
				1F58A9AEB6DED3697C4B6890 /* Pods-D2D.release.xcconfig */,
				90469C58D6D02F0B11C064BF /* Pods-D2D-D2DUITests.debug.xcconfig */,
				B92DEE06BEF2A5F08D10F6F6 /* Pods-D2D-D2DUITests.release.xcconfig */,
				B105381A98DA877215163CD8 /* Pods-D2DTests.debug.xcconfig */,
				C5C78D35B55871A7E0DC9A7F /* Pods-D2DTests.release.xcconfig */,
			);
			path = Pods;
			sourceTree = "<group>";
		};
/* End PBXGroup section */

/* Begin PBXNativeTarget section */
		306AD23026FF3374000A58B9 /* D2D */ = {
			isa = PBXNativeTarget;
			buildConfigurationList = 306AD25B26FF3379000A58B9 /* Build configuration list for PBXNativeTarget "D2D" */;
			buildPhases = (
				DFA593BD306838434A129EBE /* [CP] Check Pods Manifest.lock */,
				306AD22D26FF3374000A58B9 /* Sources */,
				306AD22E26FF3374000A58B9 /* Frameworks */,
				306AD22F26FF3374000A58B9 /* Resources */,
				AA8613ADD1E04C7028CCF39A /* [CP] Embed Pods Frameworks */,
			);
			buildRules = (
			);
			dependencies = (
			);
			name = D2D;
			productName = D2D;
			productReference = 306AD23126FF3374000A58B9 /* D2D.app */;
			productType = "com.apple.product-type.application";
		};
		306AD24626FF3378000A58B9 /* D2DTests */ = {
			isa = PBXNativeTarget;
			buildConfigurationList = 306AD25E26FF3379000A58B9 /* Build configuration list for PBXNativeTarget "D2DTests" */;
			buildPhases = (
				87FA41CEDA2F4A6918BEA8B6 /* [CP] Check Pods Manifest.lock */,
				306AD24326FF3378000A58B9 /* Sources */,
				306AD24426FF3378000A58B9 /* Frameworks */,
				306AD24526FF3378000A58B9 /* Resources */,
			);
			buildRules = (
			);
			dependencies = (
				306AD24926FF3378000A58B9 /* PBXTargetDependency */,
			);
			name = D2DTests;
			productName = D2DTests;
			productReference = 306AD24726FF3378000A58B9 /* D2DTests.xctest */;
			productType = "com.apple.product-type.bundle.unit-test";
		};
		306AD25026FF3379000A58B9 /* D2DUITests */ = {
			isa = PBXNativeTarget;
			buildConfigurationList = 306AD26126FF3379000A58B9 /* Build configuration list for PBXNativeTarget "D2DUITests" */;
			buildPhases = (
				AD20C2E01108412255BF34D0 /* [CP] Check Pods Manifest.lock */,
				306AD24D26FF3379000A58B9 /* Sources */,
				306AD24E26FF3379000A58B9 /* Frameworks */,
				306AD24F26FF3379000A58B9 /* Resources */,
				08674E6C5F68F8ED4F9B7520 /* [CP] Embed Pods Frameworks */,
			);
			buildRules = (
			);
			dependencies = (
				306AD25326FF3379000A58B9 /* PBXTargetDependency */,
			);
			name = D2DUITests;
			productName = D2DUITests;
			productReference = 306AD25126FF3379000A58B9 /* D2DUITests.xctest */;
			productType = "com.apple.product-type.bundle.ui-testing";
		};
/* End PBXNativeTarget section */

/* Begin PBXProject section */
		306AD22926FF3374000A58B9 /* Project object */ = {
			isa = PBXProject;
			attributes = {
				BuildIndependentTargetsInParallel = 1;
				LastSwiftUpdateCheck = 1300;
				LastUpgradeCheck = 1300;
				TargetAttributes = {
					306AD23026FF3374000A58B9 = {
						CreatedOnToolsVersion = 13.0;
					};
					306AD24626FF3378000A58B9 = {
						CreatedOnToolsVersion = 13.0;
						TestTargetID = 306AD23026FF3374000A58B9;
					};
					306AD25026FF3379000A58B9 = {
						CreatedOnToolsVersion = 13.0;
						TestTargetID = 306AD23026FF3374000A58B9;
					};
				};
			};
			buildConfigurationList = 306AD22C26FF3374000A58B9 /* Build configuration list for PBXProject "D2D" */;
			compatibilityVersion = "Xcode 13.0";
			developmentRegion = en;
			hasScannedForEncodings = 0;
			knownRegions = (
				en,
				Base,
			);
			mainGroup = 306AD22826FF3374000A58B9;
			productRefGroup = 306AD23226FF3374000A58B9 /* Products */;
			projectDirPath = "";
			projectRoot = "";
			targets = (
				306AD23026FF3374000A58B9 /* D2D */,
				306AD24626FF3378000A58B9 /* D2DTests */,
				306AD25026FF3379000A58B9 /* D2DUITests */,
			);
		};
/* End PBXProject section */

/* Begin PBXResourcesBuildPhase section */
		306AD22F26FF3374000A58B9 /* Resources */ = {
			isa = PBXResourcesBuildPhase;
			buildActionMask = 2147483647;
			files = (
				CB7E4652273C0559005CD92E /* Main.storyboard in Resources */,
				306AD24126FF3378000A58B9 /* LaunchScreen.storyboard in Resources */,
				CB7E464E273B369A005CD92E /* Login.storyboard in Resources */,
				CB7E4650273B370A005CD92E /* SignUp.storyboard in Resources */,
				CB7E464C273B25AA005CD92E /* MapViewController.storyboard in Resources */,
				CBA52A0A27298FB600E72140 /* Chat.storyboard in Resources */,
				CBA52A0C272993FE00E72140 /* PostLogin.storyboard in Resources */,
			);
			runOnlyForDeploymentPostprocessing = 0;
		};
		306AD24526FF3378000A58B9 /* Resources */ = {
			isa = PBXResourcesBuildPhase;
			buildActionMask = 2147483647;
			files = (
			);
			runOnlyForDeploymentPostprocessing = 0;
		};
		306AD24F26FF3379000A58B9 /* Resources */ = {
			isa = PBXResourcesBuildPhase;
			buildActionMask = 2147483647;
			files = (
			);
			runOnlyForDeploymentPostprocessing = 0;
		};
/* End PBXResourcesBuildPhase section */

/* Begin PBXShellScriptBuildPhase section */
		08674E6C5F68F8ED4F9B7520 /* [CP] Embed Pods Frameworks */ = {
			isa = PBXShellScriptBuildPhase;
			buildActionMask = 2147483647;
			files = (
			);
			inputFileListPaths = (
				"${PODS_ROOT}/Target Support Files/Pods-D2D-D2DUITests/Pods-D2D-D2DUITests-frameworks-${CONFIGURATION}-input-files.xcfilelist",
			);
			name = "[CP] Embed Pods Frameworks";
			outputFileListPaths = (
				"${PODS_ROOT}/Target Support Files/Pods-D2D-D2DUITests/Pods-D2D-D2DUITests-frameworks-${CONFIGURATION}-output-files.xcfilelist",
			);
			runOnlyForDeploymentPostprocessing = 0;
			shellPath = /bin/sh;
			shellScript = "\"${PODS_ROOT}/Target Support Files/Pods-D2D-D2DUITests/Pods-D2D-D2DUITests-frameworks.sh\"\n";
			showEnvVarsInLog = 0;
		};
		87FA41CEDA2F4A6918BEA8B6 /* [CP] Check Pods Manifest.lock */ = {
			isa = PBXShellScriptBuildPhase;
			buildActionMask = 2147483647;
			files = (
			);
			inputFileListPaths = (
			);
			inputPaths = (
				"${PODS_PODFILE_DIR_PATH}/Podfile.lock",
				"${PODS_ROOT}/Manifest.lock",
			);
			name = "[CP] Check Pods Manifest.lock";
			outputFileListPaths = (
			);
			outputPaths = (
				"$(DERIVED_FILE_DIR)/Pods-D2DTests-checkManifestLockResult.txt",
			);
			runOnlyForDeploymentPostprocessing = 0;
			shellPath = /bin/sh;
			shellScript = "diff \"${PODS_PODFILE_DIR_PATH}/Podfile.lock\" \"${PODS_ROOT}/Manifest.lock\" > /dev/null\nif [ $? != 0 ] ; then\n    # print error to STDERR\n    echo \"error: The sandbox is not in sync with the Podfile.lock. Run 'pod install' or update your CocoaPods installation.\" >&2\n    exit 1\nfi\n# This output is used by Xcode 'outputs' to avoid re-running this script phase.\necho \"SUCCESS\" > \"${SCRIPT_OUTPUT_FILE_0}\"\n";
			showEnvVarsInLog = 0;
		};
		AA8613ADD1E04C7028CCF39A /* [CP] Embed Pods Frameworks */ = {
			isa = PBXShellScriptBuildPhase;
			buildActionMask = 2147483647;
			files = (
			);
			inputFileListPaths = (
				"${PODS_ROOT}/Target Support Files/Pods-D2D/Pods-D2D-frameworks-${CONFIGURATION}-input-files.xcfilelist",
			);
			name = "[CP] Embed Pods Frameworks";
			outputFileListPaths = (
				"${PODS_ROOT}/Target Support Files/Pods-D2D/Pods-D2D-frameworks-${CONFIGURATION}-output-files.xcfilelist",
			);
			runOnlyForDeploymentPostprocessing = 0;
			shellPath = /bin/sh;
			shellScript = "\"${PODS_ROOT}/Target Support Files/Pods-D2D/Pods-D2D-frameworks.sh\"\n";
			showEnvVarsInLog = 0;
		};
		AD20C2E01108412255BF34D0 /* [CP] Check Pods Manifest.lock */ = {
			isa = PBXShellScriptBuildPhase;
			buildActionMask = 2147483647;
			files = (
			);
			inputFileListPaths = (
			);
			inputPaths = (
				"${PODS_PODFILE_DIR_PATH}/Podfile.lock",
				"${PODS_ROOT}/Manifest.lock",
			);
			name = "[CP] Check Pods Manifest.lock";
			outputFileListPaths = (
			);
			outputPaths = (
				"$(DERIVED_FILE_DIR)/Pods-D2D-D2DUITests-checkManifestLockResult.txt",
			);
			runOnlyForDeploymentPostprocessing = 0;
			shellPath = /bin/sh;
			shellScript = "diff \"${PODS_PODFILE_DIR_PATH}/Podfile.lock\" \"${PODS_ROOT}/Manifest.lock\" > /dev/null\nif [ $? != 0 ] ; then\n    # print error to STDERR\n    echo \"error: The sandbox is not in sync with the Podfile.lock. Run 'pod install' or update your CocoaPods installation.\" >&2\n    exit 1\nfi\n# This output is used by Xcode 'outputs' to avoid re-running this script phase.\necho \"SUCCESS\" > \"${SCRIPT_OUTPUT_FILE_0}\"\n";
			showEnvVarsInLog = 0;
		};
		DFA593BD306838434A129EBE /* [CP] Check Pods Manifest.lock */ = {
			isa = PBXShellScriptBuildPhase;
			buildActionMask = 2147483647;
			files = (
			);
			inputFileListPaths = (
			);
			inputPaths = (
				"${PODS_PODFILE_DIR_PATH}/Podfile.lock",
				"${PODS_ROOT}/Manifest.lock",
			);
			name = "[CP] Check Pods Manifest.lock";
			outputFileListPaths = (
			);
			outputPaths = (
				"$(DERIVED_FILE_DIR)/Pods-D2D-checkManifestLockResult.txt",
			);
			runOnlyForDeploymentPostprocessing = 0;
			shellPath = /bin/sh;
			shellScript = "diff \"${PODS_PODFILE_DIR_PATH}/Podfile.lock\" \"${PODS_ROOT}/Manifest.lock\" > /dev/null\nif [ $? != 0 ] ; then\n    # print error to STDERR\n    echo \"error: The sandbox is not in sync with the Podfile.lock. Run 'pod install' or update your CocoaPods installation.\" >&2\n    exit 1\nfi\n# This output is used by Xcode 'outputs' to avoid re-running this script phase.\necho \"SUCCESS\" > \"${SCRIPT_OUTPUT_FILE_0}\"\n";
			showEnvVarsInLog = 0;
		};
/* End PBXShellScriptBuildPhase section */

/* Begin PBXSourcesBuildPhase section */
		306AD22D26FF3374000A58B9 /* Sources */ = {
			isa = PBXSourcesBuildPhase;
			buildActionMask = 2147483647;
			files = (
				CBC10E1527301F7300144557 /* LoginViewController.swift in Sources */,
				306AD23926FF3374000A58B9 /* WelcomeViewController.swift in Sources */,
				CBC10E1D273021B600144557 /* ChatViewController.swift in Sources */,
				CBC10E192730217C00144557 /* LoginSignupViewController.swift in Sources */,
				306AD23926FF3374000A58B9 /* WelcomeViewController.swift in Sources */,
				CBC10E252730855000144557 /* MapViewModel.swift in Sources */,
				306AD23526FF3374000A58B9 /* AppDelegate.swift in Sources */,
				CBC10E1B273021A400144557 /* PostLoginViewController.swift in Sources */,
				CBC10E172730215700144557 /* SignupViewController.swift in Sources */,
				CBC10E232730752100144557 /* MapView.swift in Sources */,
				306AD23726FF3374000A58B9 /* SceneDelegate.swift in Sources */,
			);
			runOnlyForDeploymentPostprocessing = 0;
		};
		306AD24326FF3378000A58B9 /* Sources */ = {
			isa = PBXSourcesBuildPhase;
			buildActionMask = 2147483647;
			files = (
				306AD24C26FF3379000A58B9 /* D2DTests.swift in Sources */,
			);
			runOnlyForDeploymentPostprocessing = 0;
		};
		306AD24D26FF3379000A58B9 /* Sources */ = {
			isa = PBXSourcesBuildPhase;
			buildActionMask = 2147483647;
			files = (
				306AD25626FF3379000A58B9 /* D2DUITests.swift in Sources */,
				306AD25826FF3379000A58B9 /* D2DUITestsLaunchTests.swift in Sources */,
			);
			runOnlyForDeploymentPostprocessing = 0;
		};
/* End PBXSourcesBuildPhase section */

/* Begin PBXTargetDependency section */
		306AD24926FF3378000A58B9 /* PBXTargetDependency */ = {
			isa = PBXTargetDependency;
			target = 306AD23026FF3374000A58B9 /* D2D */;
			targetProxy = 306AD24826FF3378000A58B9 /* PBXContainerItemProxy */;
		};
		306AD25326FF3379000A58B9 /* PBXTargetDependency */ = {
			isa = PBXTargetDependency;
			target = 306AD23026FF3374000A58B9 /* D2D */;
			targetProxy = 306AD25226FF3379000A58B9 /* PBXContainerItemProxy */;
		};
/* End PBXTargetDependency section */

/* Begin PBXVariantGroup section */
		306AD23F26FF3378000A58B9 /* LaunchScreen.storyboard */ = {
			isa = PBXVariantGroup;
			children = (
				306AD24026FF3378000A58B9 /* Base */,
			);
			name = LaunchScreen.storyboard;
			sourceTree = "<group>";
		};
/* End PBXVariantGroup section */

/* Begin XCBuildConfiguration section */
		306AD25926FF3379000A58B9 /* Debug */ = {
			isa = XCBuildConfiguration;
			buildSettings = {
				ALWAYS_SEARCH_USER_PATHS = NO;
				CLANG_ANALYZER_NONNULL = YES;
				CLANG_ANALYZER_NUMBER_OBJECT_CONVERSION = YES_AGGRESSIVE;
				CLANG_CXX_LANGUAGE_STANDARD = "gnu++17";
				CLANG_CXX_LIBRARY = "libc++";
				CLANG_ENABLE_MODULES = YES;
				CLANG_ENABLE_OBJC_ARC = YES;
				CLANG_ENABLE_OBJC_WEAK = YES;
				CLANG_WARN_BLOCK_CAPTURE_AUTORELEASING = YES;
				CLANG_WARN_BOOL_CONVERSION = YES;
				CLANG_WARN_COMMA = YES;
				CLANG_WARN_CONSTANT_CONVERSION = YES;
				CLANG_WARN_DEPRECATED_OBJC_IMPLEMENTATIONS = YES;
				CLANG_WARN_DIRECT_OBJC_ISA_USAGE = YES_ERROR;
				CLANG_WARN_DOCUMENTATION_COMMENTS = YES;
				CLANG_WARN_EMPTY_BODY = YES;
				CLANG_WARN_ENUM_CONVERSION = YES;
				CLANG_WARN_INFINITE_RECURSION = YES;
				CLANG_WARN_INT_CONVERSION = YES;
				CLANG_WARN_NON_LITERAL_NULL_CONVERSION = YES;
				CLANG_WARN_OBJC_IMPLICIT_RETAIN_SELF = YES;
				CLANG_WARN_OBJC_LITERAL_CONVERSION = YES;
				CLANG_WARN_OBJC_ROOT_CLASS = YES_ERROR;
				CLANG_WARN_QUOTED_INCLUDE_IN_FRAMEWORK_HEADER = YES;
				CLANG_WARN_RANGE_LOOP_ANALYSIS = YES;
				CLANG_WARN_STRICT_PROTOTYPES = YES;
				CLANG_WARN_SUSPICIOUS_MOVE = YES;
				CLANG_WARN_UNGUARDED_AVAILABILITY = YES_AGGRESSIVE;
				CLANG_WARN_UNREACHABLE_CODE = YES;
				CLANG_WARN__DUPLICATE_METHOD_MATCH = YES;
				COPY_PHASE_STRIP = NO;
				DEBUG_INFORMATION_FORMAT = dwarf;
				ENABLE_STRICT_OBJC_MSGSEND = YES;
				ENABLE_TESTABILITY = YES;
				GCC_C_LANGUAGE_STANDARD = gnu11;
				GCC_DYNAMIC_NO_PIC = NO;
				GCC_NO_COMMON_BLOCKS = YES;
				GCC_OPTIMIZATION_LEVEL = 0;
				GCC_PREPROCESSOR_DEFINITIONS = (
					"DEBUG=1",
					"$(inherited)",
				);
				GCC_WARN_64_TO_32_BIT_CONVERSION = YES;
				GCC_WARN_ABOUT_RETURN_TYPE = YES_ERROR;
				GCC_WARN_UNDECLARED_SELECTOR = YES;
				GCC_WARN_UNINITIALIZED_AUTOS = YES_AGGRESSIVE;
				GCC_WARN_UNUSED_FUNCTION = YES;
				GCC_WARN_UNUSED_VARIABLE = YES;
				IPHONEOS_DEPLOYMENT_TARGET = 15.0;
				MTL_ENABLE_DEBUG_INFO = INCLUDE_SOURCE;
				MTL_FAST_MATH = YES;
				ONLY_ACTIVE_ARCH = YES;
				SDKROOT = iphoneos;
				SWIFT_ACTIVE_COMPILATION_CONDITIONS = DEBUG;
				SWIFT_OPTIMIZATION_LEVEL = "-Onone";
			};
			name = Debug;
		};
		306AD25A26FF3379000A58B9 /* Release */ = {
			isa = XCBuildConfiguration;
			buildSettings = {
				ALWAYS_SEARCH_USER_PATHS = NO;
				CLANG_ANALYZER_NONNULL = YES;
				CLANG_ANALYZER_NUMBER_OBJECT_CONVERSION = YES_AGGRESSIVE;
				CLANG_CXX_LANGUAGE_STANDARD = "gnu++17";
				CLANG_CXX_LIBRARY = "libc++";
				CLANG_ENABLE_MODULES = YES;
				CLANG_ENABLE_OBJC_ARC = YES;
				CLANG_ENABLE_OBJC_WEAK = YES;
				CLANG_WARN_BLOCK_CAPTURE_AUTORELEASING = YES;
				CLANG_WARN_BOOL_CONVERSION = YES;
				CLANG_WARN_COMMA = YES;
				CLANG_WARN_CONSTANT_CONVERSION = YES;
				CLANG_WARN_DEPRECATED_OBJC_IMPLEMENTATIONS = YES;
				CLANG_WARN_DIRECT_OBJC_ISA_USAGE = YES_ERROR;
				CLANG_WARN_DOCUMENTATION_COMMENTS = YES;
				CLANG_WARN_EMPTY_BODY = YES;
				CLANG_WARN_ENUM_CONVERSION = YES;
				CLANG_WARN_INFINITE_RECURSION = YES;
				CLANG_WARN_INT_CONVERSION = YES;
				CLANG_WARN_NON_LITERAL_NULL_CONVERSION = YES;
				CLANG_WARN_OBJC_IMPLICIT_RETAIN_SELF = YES;
				CLANG_WARN_OBJC_LITERAL_CONVERSION = YES;
				CLANG_WARN_OBJC_ROOT_CLASS = YES_ERROR;
				CLANG_WARN_QUOTED_INCLUDE_IN_FRAMEWORK_HEADER = YES;
				CLANG_WARN_RANGE_LOOP_ANALYSIS = YES;
				CLANG_WARN_STRICT_PROTOTYPES = YES;
				CLANG_WARN_SUSPICIOUS_MOVE = YES;
				CLANG_WARN_UNGUARDED_AVAILABILITY = YES_AGGRESSIVE;
				CLANG_WARN_UNREACHABLE_CODE = YES;
				CLANG_WARN__DUPLICATE_METHOD_MATCH = YES;
				COPY_PHASE_STRIP = NO;
				DEBUG_INFORMATION_FORMAT = "dwarf-with-dsym";
				ENABLE_NS_ASSERTIONS = NO;
				ENABLE_STRICT_OBJC_MSGSEND = YES;
				GCC_C_LANGUAGE_STANDARD = gnu11;
				GCC_NO_COMMON_BLOCKS = YES;
				GCC_WARN_64_TO_32_BIT_CONVERSION = YES;
				GCC_WARN_ABOUT_RETURN_TYPE = YES_ERROR;
				GCC_WARN_UNDECLARED_SELECTOR = YES;
				GCC_WARN_UNINITIALIZED_AUTOS = YES_AGGRESSIVE;
				GCC_WARN_UNUSED_FUNCTION = YES;
				GCC_WARN_UNUSED_VARIABLE = YES;
				IPHONEOS_DEPLOYMENT_TARGET = 15.0;
				MTL_ENABLE_DEBUG_INFO = NO;
				MTL_FAST_MATH = YES;
				SDKROOT = iphoneos;
				SWIFT_COMPILATION_MODE = wholemodule;
				SWIFT_OPTIMIZATION_LEVEL = "-O";
				VALIDATE_PRODUCT = YES;
			};
			name = Release;
		};
		306AD25C26FF3379000A58B9 /* Debug */ = {
			isa = XCBuildConfiguration;
			baseConfigurationReference = FFA6B408F8EBAB6FCE2B6F17 /* Pods-D2D.debug.xcconfig */;
			buildSettings = {
				ASSETCATALOG_COMPILER_APPICON_NAME = AppIcon;
				ASSETCATALOG_COMPILER_GLOBAL_ACCENT_COLOR_NAME = AccentColor;
				CODE_SIGN_STYLE = Automatic;
				CURRENT_PROJECT_VERSION = 1;
				DEVELOPMENT_TEAM = SW8Q2CUK26;
				GENERATE_INFOPLIST_FILE = YES;
				INFOPLIST_FILE = D2D/Info.plist;
				INFOPLIST_KEY_NSLocationWhenInUseUsageDescription = "This app needs your location to display your position on the map.";
				INFOPLIST_KEY_UIApplicationSupportsIndirectInputEvents = YES;
				INFOPLIST_KEY_UILaunchStoryboardName = LaunchScreen;
				INFOPLIST_KEY_UIMainStoryboardFile = Main;
				INFOPLIST_KEY_UISupportedInterfaceOrientations_iPad = "UIInterfaceOrientationPortrait UIInterfaceOrientationPortraitUpsideDown UIInterfaceOrientationLandscapeLeft UIInterfaceOrientationLandscapeRight";
				INFOPLIST_KEY_UISupportedInterfaceOrientations_iPhone = "UIInterfaceOrientationPortrait UIInterfaceOrientationLandscapeLeft UIInterfaceOrientationLandscapeRight";
				LD_RUNPATH_SEARCH_PATHS = (
					"$(inherited)",
					"@executable_path/Frameworks",
				);
				MARKETING_VERSION = 1.0;
				PRODUCT_BUNDLE_IDENTIFIER = co.CODE.D2D;
				PRODUCT_NAME = "$(TARGET_NAME)";
				SWIFT_EMIT_LOC_STRINGS = YES;
				SWIFT_VERSION = 5.0;
				TARGETED_DEVICE_FAMILY = "1,2";
			};
			name = Debug;
		};
		306AD25D26FF3379000A58B9 /* Release */ = {
			isa = XCBuildConfiguration;
			baseConfigurationReference = 1F58A9AEB6DED3697C4B6890 /* Pods-D2D.release.xcconfig */;
			buildSettings = {
				ASSETCATALOG_COMPILER_APPICON_NAME = AppIcon;
				ASSETCATALOG_COMPILER_GLOBAL_ACCENT_COLOR_NAME = AccentColor;
				CODE_SIGN_STYLE = Automatic;
				CURRENT_PROJECT_VERSION = 1;
				DEVELOPMENT_TEAM = SW8Q2CUK26;
				GENERATE_INFOPLIST_FILE = YES;
				INFOPLIST_FILE = D2D/Info.plist;
				INFOPLIST_KEY_NSLocationWhenInUseUsageDescription = "This app needs your location to display your position on the map.";
				INFOPLIST_KEY_UIApplicationSupportsIndirectInputEvents = YES;
				INFOPLIST_KEY_UILaunchStoryboardName = LaunchScreen;
				INFOPLIST_KEY_UIMainStoryboardFile = Main;
				INFOPLIST_KEY_UISupportedInterfaceOrientations_iPad = "UIInterfaceOrientationPortrait UIInterfaceOrientationPortraitUpsideDown UIInterfaceOrientationLandscapeLeft UIInterfaceOrientationLandscapeRight";
				INFOPLIST_KEY_UISupportedInterfaceOrientations_iPhone = "UIInterfaceOrientationPortrait UIInterfaceOrientationLandscapeLeft UIInterfaceOrientationLandscapeRight";
				LD_RUNPATH_SEARCH_PATHS = (
					"$(inherited)",
					"@executable_path/Frameworks",
				);
				MARKETING_VERSION = 1.0;
				PRODUCT_BUNDLE_IDENTIFIER = co.CODE.D2D;
				PRODUCT_NAME = "$(TARGET_NAME)";
				SWIFT_EMIT_LOC_STRINGS = YES;
				SWIFT_VERSION = 5.0;
				TARGETED_DEVICE_FAMILY = "1,2";
			};
			name = Release;
		};
		306AD25F26FF3379000A58B9 /* Debug */ = {
			isa = XCBuildConfiguration;
			baseConfigurationReference = B105381A98DA877215163CD8 /* Pods-D2DTests.debug.xcconfig */;
			buildSettings = {
				ALWAYS_EMBED_SWIFT_STANDARD_LIBRARIES = YES;
				BUNDLE_LOADER = "$(TEST_HOST)";
				CODE_SIGN_STYLE = Automatic;
				CURRENT_PROJECT_VERSION = 1;
				DEVELOPMENT_TEAM = SW8Q2CUK26;
				GENERATE_INFOPLIST_FILE = YES;
				IPHONEOS_DEPLOYMENT_TARGET = 15.0;
				LD_RUNPATH_SEARCH_PATHS = (
					"$(inherited)",
					"@executable_path/Frameworks",
					"@loader_path/Frameworks",
				);
				MARKETING_VERSION = 1.0;
				PRODUCT_BUNDLE_IDENTIFIER = Eldably.D2DTests;
				PRODUCT_NAME = "$(TARGET_NAME)";
				SWIFT_EMIT_LOC_STRINGS = NO;
				SWIFT_VERSION = 5.0;
				TARGETED_DEVICE_FAMILY = "1,2";
				TEST_HOST = "$(BUILT_PRODUCTS_DIR)/D2D.app/D2D";
			};
			name = Debug;
		};
		306AD26026FF3379000A58B9 /* Release */ = {
			isa = XCBuildConfiguration;
			baseConfigurationReference = C5C78D35B55871A7E0DC9A7F /* Pods-D2DTests.release.xcconfig */;
			buildSettings = {
				ALWAYS_EMBED_SWIFT_STANDARD_LIBRARIES = YES;
				BUNDLE_LOADER = "$(TEST_HOST)";
				CODE_SIGN_STYLE = Automatic;
				CURRENT_PROJECT_VERSION = 1;
				DEVELOPMENT_TEAM = SW8Q2CUK26;
				GENERATE_INFOPLIST_FILE = YES;
				IPHONEOS_DEPLOYMENT_TARGET = 15.0;
				LD_RUNPATH_SEARCH_PATHS = (
					"$(inherited)",
					"@executable_path/Frameworks",
					"@loader_path/Frameworks",
				);
				MARKETING_VERSION = 1.0;
				PRODUCT_BUNDLE_IDENTIFIER = Eldably.D2DTests;
				PRODUCT_NAME = "$(TARGET_NAME)";
				SWIFT_EMIT_LOC_STRINGS = NO;
				SWIFT_VERSION = 5.0;
				TARGETED_DEVICE_FAMILY = "1,2";
				TEST_HOST = "$(BUILT_PRODUCTS_DIR)/D2D.app/D2D";
			};
			name = Release;
		};
		306AD26226FF3379000A58B9 /* Debug */ = {
			isa = XCBuildConfiguration;
			baseConfigurationReference = 90469C58D6D02F0B11C064BF /* Pods-D2D-D2DUITests.debug.xcconfig */;
			buildSettings = {
				ALWAYS_EMBED_SWIFT_STANDARD_LIBRARIES = YES;
				CODE_SIGN_STYLE = Automatic;
				CURRENT_PROJECT_VERSION = 1;
				DEVELOPMENT_TEAM = SW8Q2CUK26;
				GENERATE_INFOPLIST_FILE = YES;
				LD_RUNPATH_SEARCH_PATHS = (
					"$(inherited)",
					"@executable_path/Frameworks",
					"@loader_path/Frameworks",
				);
				MARKETING_VERSION = 1.0;
				PRODUCT_BUNDLE_IDENTIFIER = Eldably.D2DUITests;
				PRODUCT_NAME = "$(TARGET_NAME)";
				SWIFT_EMIT_LOC_STRINGS = NO;
				SWIFT_VERSION = 5.0;
				TARGETED_DEVICE_FAMILY = "1,2";
				TEST_TARGET_NAME = D2D;
			};
			name = Debug;
		};
		306AD26326FF3379000A58B9 /* Release */ = {
			isa = XCBuildConfiguration;
			baseConfigurationReference = B92DEE06BEF2A5F08D10F6F6 /* Pods-D2D-D2DUITests.release.xcconfig */;
			buildSettings = {
				ALWAYS_EMBED_SWIFT_STANDARD_LIBRARIES = YES;
				CODE_SIGN_STYLE = Automatic;
				CURRENT_PROJECT_VERSION = 1;
				DEVELOPMENT_TEAM = SW8Q2CUK26;
				GENERATE_INFOPLIST_FILE = YES;
				LD_RUNPATH_SEARCH_PATHS = (
					"$(inherited)",
					"@executable_path/Frameworks",
					"@loader_path/Frameworks",
				);
				MARKETING_VERSION = 1.0;
				PRODUCT_BUNDLE_IDENTIFIER = Eldably.D2DUITests;
				PRODUCT_NAME = "$(TARGET_NAME)";
				SWIFT_EMIT_LOC_STRINGS = NO;
				SWIFT_VERSION = 5.0;
				TARGETED_DEVICE_FAMILY = "1,2";
				TEST_TARGET_NAME = D2D;
			};
			name = Release;
		};
/* End XCBuildConfiguration section */

/* Begin XCConfigurationList section */
		306AD22C26FF3374000A58B9 /* Build configuration list for PBXProject "D2D" */ = {
			isa = XCConfigurationList;
			buildConfigurations = (
				306AD25926FF3379000A58B9 /* Debug */,
				306AD25A26FF3379000A58B9 /* Release */,
			);
			defaultConfigurationIsVisible = 0;
			defaultConfigurationName = Release;
		};
		306AD25B26FF3379000A58B9 /* Build configuration list for PBXNativeTarget "D2D" */ = {
			isa = XCConfigurationList;
			buildConfigurations = (
				306AD25C26FF3379000A58B9 /* Debug */,
				306AD25D26FF3379000A58B9 /* Release */,
			);
			defaultConfigurationIsVisible = 0;
			defaultConfigurationName = Release;
		};
		306AD25E26FF3379000A58B9 /* Build configuration list for PBXNativeTarget "D2DTests" */ = {
			isa = XCConfigurationList;
			buildConfigurations = (
				306AD25F26FF3379000A58B9 /* Debug */,
				306AD26026FF3379000A58B9 /* Release */,
			);
			defaultConfigurationIsVisible = 0;
			defaultConfigurationName = Release;
		};
		306AD26126FF3379000A58B9 /* Build configuration list for PBXNativeTarget "D2DUITests" */ = {
			isa = XCConfigurationList;
			buildConfigurations = (
				306AD26226FF3379000A58B9 /* Debug */,
				306AD26326FF3379000A58B9 /* Release */,
			);
			defaultConfigurationIsVisible = 0;
			defaultConfigurationName = Release;
		};
/* End XCConfigurationList section */
	};
	rootObject = 306AD22926FF3374000A58B9 /* Project object */;
}
