// !$*UTF8*$!
{
	archiveVersion = 1;
	classes = {
	};
	objectVersion = 55;
	objects = {

/* Begin PBXBuildFile section */
		0BB810158D8C3087C7E0B08A /* Pods_D2DTests.framework in Frameworks */ = {isa = PBXBuildFile; fileRef = A8CCAD24754898405BCCFD98 /* Pods_D2DTests.framework */; };
		3052F525272802DC00AD6146 /* MessageCell.swift in Sources */ = {isa = PBXBuildFile; fileRef = 3052F523272802DC00AD6146 /* MessageCell.swift */; };
		3052F526272802DC00AD6146 /* MessageCell.xib in Resources */ = {isa = PBXBuildFile; fileRef = 3052F524272802DC00AD6146 /* MessageCell.xib */; };
		30B5C0EE273550D500187DED /* ColorMultipeerSession.swift in Sources */ = {isa = PBXBuildFile; fileRef = 30B5C0ED273550D500187DED /* ColorMultipeerSession.swift */; };
		30C3ECA1272AA46200083261 /* GoogleService-Info.plist in Resources */ = {isa = PBXBuildFile; fileRef = 30C3ECA0272AA46200083261 /* GoogleService-Info.plist */; };
		30F304E6271D7312004B0074 /* AppDelegate.swift in Sources */ = {isa = PBXBuildFile; fileRef = 30F304E5271D7312004B0074 /* AppDelegate.swift */; };
		30F304E8271D7312004B0074 /* SceneDelegate.swift in Sources */ = {isa = PBXBuildFile; fileRef = 30F304E7271D7312004B0074 /* SceneDelegate.swift */; };
		30F304EA271D7312004B0074 /* WelcomeViewController.swift in Sources */ = {isa = PBXBuildFile; fileRef = 30F304E9271D7312004B0074 /* WelcomeViewController.swift */; };
		30F304ED271D7312004B0074 /* Main.storyboard in Resources */ = {isa = PBXBuildFile; fileRef = 30F304EB271D7312004B0074 /* Main.storyboard */; };
		30F304EF271D7315004B0074 /* Assets.xcassets in Resources */ = {isa = PBXBuildFile; fileRef = 30F304EE271D7315004B0074 /* Assets.xcassets */; };
		30F304F2271D7315004B0074 /* LaunchScreen.storyboard in Resources */ = {isa = PBXBuildFile; fileRef = 30F304F0271D7315004B0074 /* LaunchScreen.storyboard */; };
		30F304FD271D7316004B0074 /* D2DTests.swift in Sources */ = {isa = PBXBuildFile; fileRef = 30F304FC271D7316004B0074 /* D2DTests.swift */; };
		30F30507271D7316004B0074 /* D2DUITests.swift in Sources */ = {isa = PBXBuildFile; fileRef = 30F30506271D7316004B0074 /* D2DUITests.swift */; };
		30F30509271D7316004B0074 /* D2DUITestsLaunchTests.swift in Sources */ = {isa = PBXBuildFile; fileRef = 30F30508271D7316004B0074 /* D2DUITestsLaunchTests.swift */; };
		30F3051A271D75C5004B0074 /* ChatViewController.swift in Sources */ = {isa = PBXBuildFile; fileRef = 30F30519271D75C5004B0074 /* ChatViewController.swift */; };
		30F3051C271DB067004B0074 /* Constants.swift in Sources */ = {isa = PBXBuildFile; fileRef = 30F3051B271DB067004B0074 /* Constants.swift */; };
		30F3051E271DB284004B0074 /* Message.swift in Sources */ = {isa = PBXBuildFile; fileRef = 30F3051D271DB284004B0074 /* Message.swift */; };
		3298EF7A3D4BBED05F345B1A /* Pods_D2D.framework in Frameworks */ = {isa = PBXBuildFile; fileRef = 91E6048B2720906C558AA289 /* Pods_D2D.framework */; };
		7291A778B4F2EE7412A40591 /* Pods_D2D_D2DUITests.framework in Frameworks */ = {isa = PBXBuildFile; fileRef = 8B86C63546A27E7967E318CB /* Pods_D2D_D2DUITests.framework */; };
/* End PBXBuildFile section */

/* Begin PBXContainerItemProxy section */
		30F304F9271D7316004B0074 /* PBXContainerItemProxy */ = {
			isa = PBXContainerItemProxy;
			containerPortal = 30F304DA271D7312004B0074 /* Project object */;
			proxyType = 1;
			remoteGlobalIDString = 30F304E1271D7312004B0074;
			remoteInfo = D2D;
		};
		30F30503271D7316004B0074 /* PBXContainerItemProxy */ = {
			isa = PBXContainerItemProxy;
			containerPortal = 30F304DA271D7312004B0074 /* Project object */;
			proxyType = 1;
			remoteGlobalIDString = 30F304E1271D7312004B0074;
			remoteInfo = D2D;
		};
/* End PBXContainerItemProxy section */

/* Begin PBXFileReference section */
		3052F523272802DC00AD6146 /* MessageCell.swift */ = {isa = PBXFileReference; lastKnownFileType = sourcecode.swift; path = MessageCell.swift; sourceTree = "<group>"; };
		3052F524272802DC00AD6146 /* MessageCell.xib */ = {isa = PBXFileReference; lastKnownFileType = file.xib; path = MessageCell.xib; sourceTree = "<group>"; };
		30B5C0ED273550D500187DED /* ColorMultipeerSession.swift */ = {isa = PBXFileReference; lastKnownFileType = sourcecode.swift; path = ColorMultipeerSession.swift; sourceTree = "<group>"; };
		30C3ECA0272AA46200083261 /* GoogleService-Info.plist */ = {isa = PBXFileReference; fileEncoding = 4; lastKnownFileType = text.plist.xml; path = "GoogleService-Info.plist"; sourceTree = "<group>"; };
		30F304E2271D7312004B0074 /* D2D.app */ = {isa = PBXFileReference; explicitFileType = wrapper.application; includeInIndex = 0; path = D2D.app; sourceTree = BUILT_PRODUCTS_DIR; };
		30F304E5271D7312004B0074 /* AppDelegate.swift */ = {isa = PBXFileReference; lastKnownFileType = sourcecode.swift; path = AppDelegate.swift; sourceTree = "<group>"; };
		30F304E7271D7312004B0074 /* SceneDelegate.swift */ = {isa = PBXFileReference; lastKnownFileType = sourcecode.swift; path = SceneDelegate.swift; sourceTree = "<group>"; };
		30F304E9271D7312004B0074 /* WelcomeViewController.swift */ = {isa = PBXFileReference; lastKnownFileType = sourcecode.swift; path = WelcomeViewController.swift; sourceTree = "<group>"; };
		30F304EC271D7312004B0074 /* Base */ = {isa = PBXFileReference; lastKnownFileType = file.storyboard; name = Base; path = Base.lproj/Main.storyboard; sourceTree = "<group>"; };
		30F304EE271D7315004B0074 /* Assets.xcassets */ = {isa = PBXFileReference; lastKnownFileType = folder.assetcatalog; path = Assets.xcassets; sourceTree = "<group>"; };
		30F304F1271D7315004B0074 /* Base */ = {isa = PBXFileReference; lastKnownFileType = file.storyboard; name = Base; path = Base.lproj/LaunchScreen.storyboard; sourceTree = "<group>"; };
		30F304F3271D7315004B0074 /* Info.plist */ = {isa = PBXFileReference; lastKnownFileType = text.plist.xml; path = Info.plist; sourceTree = "<group>"; };
		30F304F8271D7316004B0074 /* D2DTests.xctest */ = {isa = PBXFileReference; explicitFileType = wrapper.cfbundle; includeInIndex = 0; path = D2DTests.xctest; sourceTree = BUILT_PRODUCTS_DIR; };
		30F304FC271D7316004B0074 /* D2DTests.swift */ = {isa = PBXFileReference; lastKnownFileType = sourcecode.swift; path = D2DTests.swift; sourceTree = "<group>"; };
		30F30502271D7316004B0074 /* D2DUITests.xctest */ = {isa = PBXFileReference; explicitFileType = wrapper.cfbundle; includeInIndex = 0; path = D2DUITests.xctest; sourceTree = BUILT_PRODUCTS_DIR; };
		30F30506271D7316004B0074 /* D2DUITests.swift */ = {isa = PBXFileReference; lastKnownFileType = sourcecode.swift; path = D2DUITests.swift; sourceTree = "<group>"; };
		30F30508271D7316004B0074 /* D2DUITestsLaunchTests.swift */ = {isa = PBXFileReference; lastKnownFileType = sourcecode.swift; path = D2DUITestsLaunchTests.swift; sourceTree = "<group>"; };
		30F30519271D75C5004B0074 /* ChatViewController.swift */ = {isa = PBXFileReference; lastKnownFileType = sourcecode.swift; path = ChatViewController.swift; sourceTree = "<group>"; };
		30F3051B271DB067004B0074 /* Constants.swift */ = {isa = PBXFileReference; fileEncoding = 4; lastKnownFileType = sourcecode.swift; path = Constants.swift; sourceTree = "<group>"; };
		30F3051D271DB284004B0074 /* Message.swift */ = {isa = PBXFileReference; lastKnownFileType = sourcecode.swift; path = Message.swift; sourceTree = SOURCE_ROOT; };
		341CE57F8309EAA64CAAB6B7 /* Pods-D2DTests.release.xcconfig */ = {isa = PBXFileReference; includeInIndex = 1; lastKnownFileType = text.xcconfig; name = "Pods-D2DTests.release.xcconfig"; path = "Target Support Files/Pods-D2DTests/Pods-D2DTests.release.xcconfig"; sourceTree = "<group>"; };
		4E42B513D514130D6A99AA73 /* Pods-D2D-D2DUITests.debug.xcconfig */ = {isa = PBXFileReference; includeInIndex = 1; lastKnownFileType = text.xcconfig; name = "Pods-D2D-D2DUITests.debug.xcconfig"; path = "Target Support Files/Pods-D2D-D2DUITests/Pods-D2D-D2DUITests.debug.xcconfig"; sourceTree = "<group>"; };
		519FCEE142297529511225F4 /* Pods-D2D.debug.xcconfig */ = {isa = PBXFileReference; includeInIndex = 1; lastKnownFileType = text.xcconfig; name = "Pods-D2D.debug.xcconfig"; path = "Target Support Files/Pods-D2D/Pods-D2D.debug.xcconfig"; sourceTree = "<group>"; };
		749352AA5BCE3CD4B8483F54 /* Pods-D2D.release.xcconfig */ = {isa = PBXFileReference; includeInIndex = 1; lastKnownFileType = text.xcconfig; name = "Pods-D2D.release.xcconfig"; path = "Target Support Files/Pods-D2D/Pods-D2D.release.xcconfig"; sourceTree = "<group>"; };
		877564480D9B09FDF6456198 /* Pods-D2D-D2DUITests.release.xcconfig */ = {isa = PBXFileReference; includeInIndex = 1; lastKnownFileType = text.xcconfig; name = "Pods-D2D-D2DUITests.release.xcconfig"; path = "Target Support Files/Pods-D2D-D2DUITests/Pods-D2D-D2DUITests.release.xcconfig"; sourceTree = "<group>"; };
		8B86C63546A27E7967E318CB /* Pods_D2D_D2DUITests.framework */ = {isa = PBXFileReference; explicitFileType = wrapper.framework; includeInIndex = 0; path = Pods_D2D_D2DUITests.framework; sourceTree = BUILT_PRODUCTS_DIR; };
		91E6048B2720906C558AA289 /* Pods_D2D.framework */ = {isa = PBXFileReference; explicitFileType = wrapper.framework; includeInIndex = 0; path = Pods_D2D.framework; sourceTree = BUILT_PRODUCTS_DIR; };
		A8CCAD24754898405BCCFD98 /* Pods_D2DTests.framework */ = {isa = PBXFileReference; explicitFileType = wrapper.framework; includeInIndex = 0; path = Pods_D2DTests.framework; sourceTree = BUILT_PRODUCTS_DIR; };
		CABDA1465C27ECF1F2508328 /* Pods-D2DTests.debug.xcconfig */ = {isa = PBXFileReference; includeInIndex = 1; lastKnownFileType = text.xcconfig; name = "Pods-D2DTests.debug.xcconfig"; path = "Target Support Files/Pods-D2DTests/Pods-D2DTests.debug.xcconfig"; sourceTree = "<group>"; };
/* End PBXFileReference section */

/* Begin PBXFrameworksBuildPhase section */
		30F304DF271D7312004B0074 /* Frameworks */ = {
			isa = PBXFrameworksBuildPhase;
			buildActionMask = 2147483647;
			files = (
				3298EF7A3D4BBED05F345B1A /* Pods_D2D.framework in Frameworks */,
			);
			runOnlyForDeploymentPostprocessing = 0;
		};
		30F304F5271D7316004B0074 /* Frameworks */ = {
			isa = PBXFrameworksBuildPhase;
			buildActionMask = 2147483647;
			files = (
				0BB810158D8C3087C7E0B08A /* Pods_D2DTests.framework in Frameworks */,
			);
			runOnlyForDeploymentPostprocessing = 0;
		};
		30F304FF271D7316004B0074 /* Frameworks */ = {
			isa = PBXFrameworksBuildPhase;
			buildActionMask = 2147483647;
			files = (
				7291A778B4F2EE7412A40591 /* Pods_D2D_D2DUITests.framework in Frameworks */,
			);
			runOnlyForDeploymentPostprocessing = 0;
		};
/* End PBXFrameworksBuildPhase section */

/* Begin PBXGroup section */
		30F304D9271D7312004B0074 = {
			isa = PBXGroup;
			children = (
				30F304E4271D7312004B0074 /* D2D */,
				30F304FB271D7316004B0074 /* D2DTests */,
				30F30505271D7316004B0074 /* D2DUITests */,
				30F304E3271D7312004B0074 /* Products */,
				BDBDF6F24E9DA4325EF4624B /* Pods */,
				CE2B4AF94FED7D2116954230 /* Frameworks */,
			);
			sourceTree = "<group>";
		};
		30F304E3271D7312004B0074 /* Products */ = {
			isa = PBXGroup;
			children = (
				30F304E2271D7312004B0074 /* D2D.app */,
				30F304F8271D7316004B0074 /* D2DTests.xctest */,
				30F30502271D7316004B0074 /* D2DUITests.xctest */,
			);
			name = Products;
			sourceTree = "<group>";
		};
		30F304E4271D7312004B0074 /* D2D */ = {
			isa = PBXGroup;
			children = (
				30F30518271D738E004B0074 /* Resources */,
				30F30515271D7347004B0074 /* Models */,
				30F30516271D7351004B0074 /* Views */,
				30F30517271D7357004B0074 /* Controllers */,
				30F304F3271D7315004B0074 /* Info.plist */,
				30C3ECA0272AA46200083261 /* GoogleService-Info.plist */,
				30F3051B271DB067004B0074 /* Constants.swift */,
			);
			path = D2D;
			sourceTree = "<group>";
		};
		30F304FB271D7316004B0074 /* D2DTests */ = {
			isa = PBXGroup;
			children = (
				30F304FC271D7316004B0074 /* D2DTests.swift */,
			);
			path = D2DTests;
			sourceTree = "<group>";
		};
		30F30505271D7316004B0074 /* D2DUITests */ = {
			isa = PBXGroup;
			children = (
				30F30506271D7316004B0074 /* D2DUITests.swift */,
				30F30508271D7316004B0074 /* D2DUITestsLaunchTests.swift */,
			);
			path = D2DUITests;
			sourceTree = "<group>";
		};
		30F30515271D7347004B0074 /* Models */ = {
			isa = PBXGroup;
			children = (
				30F3051D271DB284004B0074 /* Message.swift */,
				30B5C0ED273550D500187DED /* ColorMultipeerSession.swift */,
			);
			path = Models;
			sourceTree = "<group>";
		};
		30F30516271D7351004B0074 /* Views */ = {
			isa = PBXGroup;
			children = (
				30F304EB271D7312004B0074 /* Main.storyboard */,
				30F304F0271D7315004B0074 /* LaunchScreen.storyboard */,
				30F304EE271D7315004B0074 /* Assets.xcassets */,
				3052F523272802DC00AD6146 /* MessageCell.swift */,
				3052F524272802DC00AD6146 /* MessageCell.xib */,
			);
			path = Views;
			sourceTree = "<group>";
		};
		30F30517271D7357004B0074 /* Controllers */ = {
			isa = PBXGroup;
			children = (
				30F304E9271D7312004B0074 /* WelcomeViewController.swift */,
				30F30519271D75C5004B0074 /* ChatViewController.swift */,
			);
			path = Controllers;
			sourceTree = "<group>";
		};
		30F30518271D738E004B0074 /* Resources */ = {
			isa = PBXGroup;
			children = (
				30F304E5271D7312004B0074 /* AppDelegate.swift */,
				30F304E7271D7312004B0074 /* SceneDelegate.swift */,
			);
			path = Resources;
			sourceTree = "<group>";
		};
		BDBDF6F24E9DA4325EF4624B /* Pods */ = {
			isa = PBXGroup;
			children = (
				519FCEE142297529511225F4 /* Pods-D2D.debug.xcconfig */,
				749352AA5BCE3CD4B8483F54 /* Pods-D2D.release.xcconfig */,
				4E42B513D514130D6A99AA73 /* Pods-D2D-D2DUITests.debug.xcconfig */,
				877564480D9B09FDF6456198 /* Pods-D2D-D2DUITests.release.xcconfig */,
				CABDA1465C27ECF1F2508328 /* Pods-D2DTests.debug.xcconfig */,
				341CE57F8309EAA64CAAB6B7 /* Pods-D2DTests.release.xcconfig */,
			);
			path = Pods;
			sourceTree = "<group>";
		};
		CE2B4AF94FED7D2116954230 /* Frameworks */ = {
			isa = PBXGroup;
			children = (
				91E6048B2720906C558AA289 /* Pods_D2D.framework */,
				8B86C63546A27E7967E318CB /* Pods_D2D_D2DUITests.framework */,
				A8CCAD24754898405BCCFD98 /* Pods_D2DTests.framework */,
			);
			name = Frameworks;
			sourceTree = "<group>";
		};
/* End PBXGroup section */

/* Begin PBXNativeTarget section */
		30F304E1271D7312004B0074 /* D2D */ = {
			isa = PBXNativeTarget;
			buildConfigurationList = 30F3050C271D7316004B0074 /* Build configuration list for PBXNativeTarget "D2D" */;
			buildPhases = (
				65108524FC7ED19FF4672FE3 /* [CP] Check Pods Manifest.lock */,
				30F304DE271D7312004B0074 /* Sources */,
				30F304DF271D7312004B0074 /* Frameworks */,
				30F304E0271D7312004B0074 /* Resources */,
				DEC6B213C221A4FD66121AB0 /* [CP] Embed Pods Frameworks */,
			);
			buildRules = (
			);
			dependencies = (
			);
			name = D2D;
			productName = D2D;
			productReference = 30F304E2271D7312004B0074 /* D2D.app */;
			productType = "com.apple.product-type.application";
		};
		30F304F7271D7316004B0074 /* D2DTests */ = {
			isa = PBXNativeTarget;
			buildConfigurationList = 30F3050F271D7316004B0074 /* Build configuration list for PBXNativeTarget "D2DTests" */;
			buildPhases = (
				D0465AEACBA5715247C2BAAE /* [CP] Check Pods Manifest.lock */,
				30F304F4271D7316004B0074 /* Sources */,
				30F304F5271D7316004B0074 /* Frameworks */,
				30F304F6271D7316004B0074 /* Resources */,
			);
			buildRules = (
			);
			dependencies = (
				30F304FA271D7316004B0074 /* PBXTargetDependency */,
			);
			name = D2DTests;
			productName = D2DTests;
			productReference = 30F304F8271D7316004B0074 /* D2DTests.xctest */;
			productType = "com.apple.product-type.bundle.unit-test";
		};
		30F30501271D7316004B0074 /* D2DUITests */ = {
			isa = PBXNativeTarget;
			buildConfigurationList = 30F30512271D7316004B0074 /* Build configuration list for PBXNativeTarget "D2DUITests" */;
			buildPhases = (
				C053931FBD00FACD490E4230 /* [CP] Check Pods Manifest.lock */,
				30F304FE271D7316004B0074 /* Sources */,
				30F304FF271D7316004B0074 /* Frameworks */,
				30F30500271D7316004B0074 /* Resources */,
				A15FC3299A272FCA3AD7C9FD /* [CP] Embed Pods Frameworks */,
			);
			buildRules = (
			);
			dependencies = (
				30F30504271D7316004B0074 /* PBXTargetDependency */,
			);
			name = D2DUITests;
			productName = D2DUITests;
			productReference = 30F30502271D7316004B0074 /* D2DUITests.xctest */;
			productType = "com.apple.product-type.bundle.ui-testing";
		};
/* End PBXNativeTarget section */

/* Begin PBXProject section */
		30F304DA271D7312004B0074 /* Project object */ = {
			isa = PBXProject;
			attributes = {
				BuildIndependentTargetsInParallel = 1;
				LastSwiftUpdateCheck = 1300;
				LastUpgradeCheck = 1300;
				TargetAttributes = {
					30F304E1271D7312004B0074 = {
						CreatedOnToolsVersion = 13.0;
					};
					30F304F7271D7316004B0074 = {
						CreatedOnToolsVersion = 13.0;
						TestTargetID = 30F304E1271D7312004B0074;
					};
					30F30501271D7316004B0074 = {
						CreatedOnToolsVersion = 13.0;
						TestTargetID = 30F304E1271D7312004B0074;
					};
				};
			};
			buildConfigurationList = 30F304DD271D7312004B0074 /* Build configuration list for PBXProject "D2D" */;
			compatibilityVersion = "Xcode 13.0";
			developmentRegion = en;
			hasScannedForEncodings = 0;
			knownRegions = (
				en,
				Base,
			);
			mainGroup = 30F304D9271D7312004B0074;
			productRefGroup = 30F304E3271D7312004B0074 /* Products */;
			projectDirPath = "";
			projectRoot = "";
			targets = (
				30F304E1271D7312004B0074 /* D2D */,
				30F304F7271D7316004B0074 /* D2DTests */,
				30F30501271D7316004B0074 /* D2DUITests */,
			);
		};
/* End PBXProject section */

/* Begin PBXResourcesBuildPhase section */
		30F304E0271D7312004B0074 /* Resources */ = {
			isa = PBXResourcesBuildPhase;
			buildActionMask = 2147483647;
			files = (
				30F304F2271D7315004B0074 /* LaunchScreen.storyboard in Resources */,
				3052F526272802DC00AD6146 /* MessageCell.xib in Resources */,
				30C3ECA1272AA46200083261 /* GoogleService-Info.plist in Resources */,
				30F304EF271D7315004B0074 /* Assets.xcassets in Resources */,
				30F304ED271D7312004B0074 /* Main.storyboard in Resources */,
			);
			runOnlyForDeploymentPostprocessing = 0;
		};
		30F304F6271D7316004B0074 /* Resources */ = {
			isa = PBXResourcesBuildPhase;
			buildActionMask = 2147483647;
			files = (
			);
			runOnlyForDeploymentPostprocessing = 0;
		};
		30F30500271D7316004B0074 /* Resources */ = {
			isa = PBXResourcesBuildPhase;
			buildActionMask = 2147483647;
			files = (
			);
			runOnlyForDeploymentPostprocessing = 0;
		};
/* End PBXResourcesBuildPhase section */

/* Begin PBXShellScriptBuildPhase section */
		65108524FC7ED19FF4672FE3 /* [CP] Check Pods Manifest.lock */ = {
			isa = PBXShellScriptBuildPhase;
			buildActionMask = 2147483647;
			files = (
			);
			inputFileListPaths = (
			);
			inputPaths = (
				"${PODS_PODFILE_DIR_PATH}/Podfile.lock",
				"${PODS_ROOT}/Manifest.lock",
			);
			name = "[CP] Check Pods Manifest.lock";
			outputFileListPaths = (
			);
			outputPaths = (
				"$(DERIVED_FILE_DIR)/Pods-D2D-checkManifestLockResult.txt",
			);
			runOnlyForDeploymentPostprocessing = 0;
			shellPath = /bin/sh;
			shellScript = "diff \"${PODS_PODFILE_DIR_PATH}/Podfile.lock\" \"${PODS_ROOT}/Manifest.lock\" > /dev/null\nif [ $? != 0 ] ; then\n    # print error to STDERR\n    echo \"error: The sandbox is not in sync with the Podfile.lock. Run 'pod install' or update your CocoaPods installation.\" >&2\n    exit 1\nfi\n# This output is used by Xcode 'outputs' to avoid re-running this script phase.\necho \"SUCCESS\" > \"${SCRIPT_OUTPUT_FILE_0}\"\n";
			showEnvVarsInLog = 0;
		};
		A15FC3299A272FCA3AD7C9FD /* [CP] Embed Pods Frameworks */ = {
			isa = PBXShellScriptBuildPhase;
			buildActionMask = 2147483647;
			files = (
			);
			inputFileListPaths = (
				"${PODS_ROOT}/Target Support Files/Pods-D2D-D2DUITests/Pods-D2D-D2DUITests-frameworks-${CONFIGURATION}-input-files.xcfilelist",
			);
			name = "[CP] Embed Pods Frameworks";
			outputFileListPaths = (
				"${PODS_ROOT}/Target Support Files/Pods-D2D-D2DUITests/Pods-D2D-D2DUITests-frameworks-${CONFIGURATION}-output-files.xcfilelist",
			);
			runOnlyForDeploymentPostprocessing = 0;
			shellPath = /bin/sh;
			shellScript = "\"${PODS_ROOT}/Target Support Files/Pods-D2D-D2DUITests/Pods-D2D-D2DUITests-frameworks.sh\"\n";
			showEnvVarsInLog = 0;
		};
		C053931FBD00FACD490E4230 /* [CP] Check Pods Manifest.lock */ = {
			isa = PBXShellScriptBuildPhase;
			buildActionMask = 2147483647;
			files = (
			);
			inputFileListPaths = (
			);
			inputPaths = (
				"${PODS_PODFILE_DIR_PATH}/Podfile.lock",
				"${PODS_ROOT}/Manifest.lock",
			);
			name = "[CP] Check Pods Manifest.lock";
			outputFileListPaths = (
			);
			outputPaths = (
				"$(DERIVED_FILE_DIR)/Pods-D2D-D2DUITests-checkManifestLockResult.txt",
			);
			runOnlyForDeploymentPostprocessing = 0;
			shellPath = /bin/sh;
			shellScript = "diff \"${PODS_PODFILE_DIR_PATH}/Podfile.lock\" \"${PODS_ROOT}/Manifest.lock\" > /dev/null\nif [ $? != 0 ] ; then\n    # print error to STDERR\n    echo \"error: The sandbox is not in sync with the Podfile.lock. Run 'pod install' or update your CocoaPods installation.\" >&2\n    exit 1\nfi\n# This output is used by Xcode 'outputs' to avoid re-running this script phase.\necho \"SUCCESS\" > \"${SCRIPT_OUTPUT_FILE_0}\"\n";
			showEnvVarsInLog = 0;
		};
		D0465AEACBA5715247C2BAAE /* [CP] Check Pods Manifest.lock */ = {
			isa = PBXShellScriptBuildPhase;
			buildActionMask = 2147483647;
			files = (
			);
			inputFileListPaths = (
			);
			inputPaths = (
				"${PODS_PODFILE_DIR_PATH}/Podfile.lock",
				"${PODS_ROOT}/Manifest.lock",
			);
			name = "[CP] Check Pods Manifest.lock";
			outputFileListPaths = (
			);
			outputPaths = (
				"$(DERIVED_FILE_DIR)/Pods-D2DTests-checkManifestLockResult.txt",
			);
			runOnlyForDeploymentPostprocessing = 0;
			shellPath = /bin/sh;
			shellScript = "diff \"${PODS_PODFILE_DIR_PATH}/Podfile.lock\" \"${PODS_ROOT}/Manifest.lock\" > /dev/null\nif [ $? != 0 ] ; then\n    # print error to STDERR\n    echo \"error: The sandbox is not in sync with the Podfile.lock. Run 'pod install' or update your CocoaPods installation.\" >&2\n    exit 1\nfi\n# This output is used by Xcode 'outputs' to avoid re-running this script phase.\necho \"SUCCESS\" > \"${SCRIPT_OUTPUT_FILE_0}\"\n";
			showEnvVarsInLog = 0;
		};
		DEC6B213C221A4FD66121AB0 /* [CP] Embed Pods Frameworks */ = {
			isa = PBXShellScriptBuildPhase;
			buildActionMask = 2147483647;
			files = (
			);
			inputFileListPaths = (
				"${PODS_ROOT}/Target Support Files/Pods-D2D/Pods-D2D-frameworks-${CONFIGURATION}-input-files.xcfilelist",
			);
			name = "[CP] Embed Pods Frameworks";
			outputFileListPaths = (
				"${PODS_ROOT}/Target Support Files/Pods-D2D/Pods-D2D-frameworks-${CONFIGURATION}-output-files.xcfilelist",
			);
			runOnlyForDeploymentPostprocessing = 0;
			shellPath = /bin/sh;
			shellScript = "\"${PODS_ROOT}/Target Support Files/Pods-D2D/Pods-D2D-frameworks.sh\"\n";
			showEnvVarsInLog = 0;
		};
/* End PBXShellScriptBuildPhase section */

/* Begin PBXSourcesBuildPhase section */
		30F304DE271D7312004B0074 /* Sources */ = {
			isa = PBXSourcesBuildPhase;
			buildActionMask = 2147483647;
			files = (
				30B5C0EE273550D500187DED /* ColorMultipeerSession.swift in Sources */,
				30F3051C271DB067004B0074 /* Constants.swift in Sources */,
				30F304EA271D7312004B0074 /* WelcomeViewController.swift in Sources */,
				30F304E6271D7312004B0074 /* AppDelegate.swift in Sources */,
				30F3051E271DB284004B0074 /* Message.swift in Sources */,
				30F3051A271D75C5004B0074 /* ChatViewController.swift in Sources */,
				30F304E8271D7312004B0074 /* SceneDelegate.swift in Sources */,
				3052F525272802DC00AD6146 /* MessageCell.swift in Sources */,
			);
			runOnlyForDeploymentPostprocessing = 0;
		};
		30F304F4271D7316004B0074 /* Sources */ = {
			isa = PBXSourcesBuildPhase;
			buildActionMask = 2147483647;
			files = (
				30F304FD271D7316004B0074 /* D2DTests.swift in Sources */,
			);
			runOnlyForDeploymentPostprocessing = 0;
		};
		30F304FE271D7316004B0074 /* Sources */ = {
			isa = PBXSourcesBuildPhase;
			buildActionMask = 2147483647;
			files = (
				30F30507271D7316004B0074 /* D2DUITests.swift in Sources */,
				30F30509271D7316004B0074 /* D2DUITestsLaunchTests.swift in Sources */,
			);
			runOnlyForDeploymentPostprocessing = 0;
		};
/* End PBXSourcesBuildPhase section */

/* Begin PBXTargetDependency section */
		30F304FA271D7316004B0074 /* PBXTargetDependency */ = {
			isa = PBXTargetDependency;
			target = 30F304E1271D7312004B0074 /* D2D */;
			targetProxy = 30F304F9271D7316004B0074 /* PBXContainerItemProxy */;
		};
		30F30504271D7316004B0074 /* PBXTargetDependency */ = {
			isa = PBXTargetDependency;
			target = 30F304E1271D7312004B0074 /* D2D */;
			targetProxy = 30F30503271D7316004B0074 /* PBXContainerItemProxy */;
		};
/* End PBXTargetDependency section */

/* Begin PBXVariantGroup section */
		30F304EB271D7312004B0074 /* Main.storyboard */ = {
			isa = PBXVariantGroup;
			children = (
				30F304EC271D7312004B0074 /* Base */,
			);
			name = Main.storyboard;
			sourceTree = "<group>";
		};
		30F304F0271D7315004B0074 /* LaunchScreen.storyboard */ = {
			isa = PBXVariantGroup;
			children = (
				30F304F1271D7315004B0074 /* Base */,
			);
			name = LaunchScreen.storyboard;
			sourceTree = "<group>";
		};
/* End PBXVariantGroup section */

/* Begin XCBuildConfiguration section */
		30F3050A271D7316004B0074 /* Debug */ = {
			isa = XCBuildConfiguration;
			buildSettings = {
				ALWAYS_SEARCH_USER_PATHS = NO;
				CLANG_ANALYZER_NONNULL = YES;
				CLANG_ANALYZER_NUMBER_OBJECT_CONVERSION = YES_AGGRESSIVE;
				CLANG_CXX_LANGUAGE_STANDARD = "gnu++17";
				CLANG_CXX_LIBRARY = "libc++";
				CLANG_ENABLE_MODULES = YES;
				CLANG_ENABLE_OBJC_ARC = YES;
				CLANG_ENABLE_OBJC_WEAK = YES;
				CLANG_WARN_BLOCK_CAPTURE_AUTORELEASING = YES;
				CLANG_WARN_BOOL_CONVERSION = YES;
				CLANG_WARN_COMMA = YES;
				CLANG_WARN_CONSTANT_CONVERSION = YES;
				CLANG_WARN_DEPRECATED_OBJC_IMPLEMENTATIONS = YES;
				CLANG_WARN_DIRECT_OBJC_ISA_USAGE = YES_ERROR;
				CLANG_WARN_DOCUMENTATION_COMMENTS = YES;
				CLANG_WARN_EMPTY_BODY = YES;
				CLANG_WARN_ENUM_CONVERSION = YES;
				CLANG_WARN_INFINITE_RECURSION = YES;
				CLANG_WARN_INT_CONVERSION = YES;
				CLANG_WARN_NON_LITERAL_NULL_CONVERSION = YES;
				CLANG_WARN_OBJC_IMPLICIT_RETAIN_SELF = YES;
				CLANG_WARN_OBJC_LITERAL_CONVERSION = YES;
				CLANG_WARN_OBJC_ROOT_CLASS = YES_ERROR;
				CLANG_WARN_QUOTED_INCLUDE_IN_FRAMEWORK_HEADER = YES;
				CLANG_WARN_RANGE_LOOP_ANALYSIS = YES;
				CLANG_WARN_STRICT_PROTOTYPES = YES;
				CLANG_WARN_SUSPICIOUS_MOVE = YES;
				CLANG_WARN_UNGUARDED_AVAILABILITY = YES_AGGRESSIVE;
				CLANG_WARN_UNREACHABLE_CODE = YES;
				CLANG_WARN__DUPLICATE_METHOD_MATCH = YES;
				COPY_PHASE_STRIP = NO;
				DEBUG_INFORMATION_FORMAT = dwarf;
				ENABLE_STRICT_OBJC_MSGSEND = YES;
				ENABLE_TESTABILITY = YES;
				GCC_C_LANGUAGE_STANDARD = gnu11;
				GCC_DYNAMIC_NO_PIC = NO;
				GCC_NO_COMMON_BLOCKS = YES;
				GCC_OPTIMIZATION_LEVEL = 0;
				GCC_PREPROCESSOR_DEFINITIONS = (
					"DEBUG=1",
					"$(inherited)",
				);
				GCC_WARN_64_TO_32_BIT_CONVERSION = YES;
				GCC_WARN_ABOUT_RETURN_TYPE = YES_ERROR;
				GCC_WARN_UNDECLARED_SELECTOR = YES;
				GCC_WARN_UNINITIALIZED_AUTOS = YES_AGGRESSIVE;
				GCC_WARN_UNUSED_FUNCTION = YES;
				GCC_WARN_UNUSED_VARIABLE = YES;
				IPHONEOS_DEPLOYMENT_TARGET = 15.0;
				MTL_ENABLE_DEBUG_INFO = INCLUDE_SOURCE;
				MTL_FAST_MATH = YES;
				ONLY_ACTIVE_ARCH = YES;
				SDKROOT = iphoneos;
				SWIFT_ACTIVE_COMPILATION_CONDITIONS = DEBUG;
				SWIFT_OPTIMIZATION_LEVEL = "-Onone";
			};
			name = Debug;
		};
		30F3050B271D7316004B0074 /* Release */ = {
			isa = XCBuildConfiguration;
			buildSettings = {
				ALWAYS_SEARCH_USER_PATHS = NO;
				CLANG_ANALYZER_NONNULL = YES;
				CLANG_ANALYZER_NUMBER_OBJECT_CONVERSION = YES_AGGRESSIVE;
				CLANG_CXX_LANGUAGE_STANDARD = "gnu++17";
				CLANG_CXX_LIBRARY = "libc++";
				CLANG_ENABLE_MODULES = YES;
				CLANG_ENABLE_OBJC_ARC = YES;
				CLANG_ENABLE_OBJC_WEAK = YES;
				CLANG_WARN_BLOCK_CAPTURE_AUTORELEASING = YES;
				CLANG_WARN_BOOL_CONVERSION = YES;
				CLANG_WARN_COMMA = YES;
				CLANG_WARN_CONSTANT_CONVERSION = YES;
				CLANG_WARN_DEPRECATED_OBJC_IMPLEMENTATIONS = YES;
				CLANG_WARN_DIRECT_OBJC_ISA_USAGE = YES_ERROR;
				CLANG_WARN_DOCUMENTATION_COMMENTS = YES;
				CLANG_WARN_EMPTY_BODY = YES;
				CLANG_WARN_ENUM_CONVERSION = YES;
				CLANG_WARN_INFINITE_RECURSION = YES;
				CLANG_WARN_INT_CONVERSION = YES;
				CLANG_WARN_NON_LITERAL_NULL_CONVERSION = YES;
				CLANG_WARN_OBJC_IMPLICIT_RETAIN_SELF = YES;
				CLANG_WARN_OBJC_LITERAL_CONVERSION = YES;
				CLANG_WARN_OBJC_ROOT_CLASS = YES_ERROR;
				CLANG_WARN_QUOTED_INCLUDE_IN_FRAMEWORK_HEADER = YES;
				CLANG_WARN_RANGE_LOOP_ANALYSIS = YES;
				CLANG_WARN_STRICT_PROTOTYPES = YES;
				CLANG_WARN_SUSPICIOUS_MOVE = YES;
				CLANG_WARN_UNGUARDED_AVAILABILITY = YES_AGGRESSIVE;
				CLANG_WARN_UNREACHABLE_CODE = YES;
				CLANG_WARN__DUPLICATE_METHOD_MATCH = YES;
				COPY_PHASE_STRIP = NO;
				DEBUG_INFORMATION_FORMAT = "dwarf-with-dsym";
				ENABLE_NS_ASSERTIONS = NO;
				ENABLE_STRICT_OBJC_MSGSEND = YES;
				GCC_C_LANGUAGE_STANDARD = gnu11;
				GCC_NO_COMMON_BLOCKS = YES;
				GCC_WARN_64_TO_32_BIT_CONVERSION = YES;
				GCC_WARN_ABOUT_RETURN_TYPE = YES_ERROR;
				GCC_WARN_UNDECLARED_SELECTOR = YES;
				GCC_WARN_UNINITIALIZED_AUTOS = YES_AGGRESSIVE;
				GCC_WARN_UNUSED_FUNCTION = YES;
				GCC_WARN_UNUSED_VARIABLE = YES;
				IPHONEOS_DEPLOYMENT_TARGET = 15.0;
				MTL_ENABLE_DEBUG_INFO = NO;
				MTL_FAST_MATH = YES;
				SDKROOT = iphoneos;
				SWIFT_COMPILATION_MODE = wholemodule;
				SWIFT_OPTIMIZATION_LEVEL = "-O";
				VALIDATE_PRODUCT = YES;
			};
			name = Release;
		};
		30F3050D271D7316004B0074 /* Debug */ = {
			isa = XCBuildConfiguration;
			baseConfigurationReference = 519FCEE142297529511225F4 /* Pods-D2D.debug.xcconfig */;
			buildSettings = {
				ASSETCATALOG_COMPILER_APPICON_NAME = AppIcon;
				ASSETCATALOG_COMPILER_GLOBAL_ACCENT_COLOR_NAME = AccentColor;
				CODE_SIGN_STYLE = Automatic;
				CURRENT_PROJECT_VERSION = 1;
				DEVELOPMENT_TEAM = SW8Q2CUK26;
				GENERATE_INFOPLIST_FILE = YES;
				INFOPLIST_FILE = D2D/Info.plist;
				INFOPLIST_KEY_UIApplicationSupportsIndirectInputEvents = YES;
				INFOPLIST_KEY_UILaunchStoryboardName = LaunchScreen;
				INFOPLIST_KEY_UIMainStoryboardFile = Main;
				INFOPLIST_KEY_UISupportedInterfaceOrientations_iPad = "UIInterfaceOrientationPortrait UIInterfaceOrientationPortraitUpsideDown UIInterfaceOrientationLandscapeLeft UIInterfaceOrientationLandscapeRight";
				INFOPLIST_KEY_UISupportedInterfaceOrientations_iPhone = "UIInterfaceOrientationPortrait UIInterfaceOrientationLandscapeLeft UIInterfaceOrientationLandscapeRight";
				LD_RUNPATH_SEARCH_PATHS = (
					"$(inherited)",
					"@executable_path/Frameworks",
				);
				MARKETING_VERSION = 1.0;
				PRODUCT_BUNDLE_IDENTIFIER = co.code.D2D;
				PRODUCT_NAME = "$(TARGET_NAME)";
				SWIFT_EMIT_LOC_STRINGS = YES;
				SWIFT_VERSION = 5.0;
				TARGETED_DEVICE_FAMILY = "1,2";
			};
			name = Debug;
		};
		30F3050E271D7316004B0074 /* Release */ = {
			isa = XCBuildConfiguration;
			baseConfigurationReference = 749352AA5BCE3CD4B8483F54 /* Pods-D2D.release.xcconfig */;
			buildSettings = {
				ASSETCATALOG_COMPILER_APPICON_NAME = AppIcon;
				ASSETCATALOG_COMPILER_GLOBAL_ACCENT_COLOR_NAME = AccentColor;
				CODE_SIGN_STYLE = Automatic;
				CURRENT_PROJECT_VERSION = 1;
				DEVELOPMENT_TEAM = SW8Q2CUK26;
				GENERATE_INFOPLIST_FILE = YES;
				INFOPLIST_FILE = D2D/Info.plist;
				INFOPLIST_KEY_UIApplicationSupportsIndirectInputEvents = YES;
				INFOPLIST_KEY_UILaunchStoryboardName = LaunchScreen;
				INFOPLIST_KEY_UIMainStoryboardFile = Main;
				INFOPLIST_KEY_UISupportedInterfaceOrientations_iPad = "UIInterfaceOrientationPortrait UIInterfaceOrientationPortraitUpsideDown UIInterfaceOrientationLandscapeLeft UIInterfaceOrientationLandscapeRight";
				INFOPLIST_KEY_UISupportedInterfaceOrientations_iPhone = "UIInterfaceOrientationPortrait UIInterfaceOrientationLandscapeLeft UIInterfaceOrientationLandscapeRight";
				LD_RUNPATH_SEARCH_PATHS = (
					"$(inherited)",
					"@executable_path/Frameworks",
				);
				MARKETING_VERSION = 1.0;
				PRODUCT_BUNDLE_IDENTIFIER = co.code.D2D;
				PRODUCT_NAME = "$(TARGET_NAME)";
				SWIFT_EMIT_LOC_STRINGS = YES;
				SWIFT_VERSION = 5.0;
				TARGETED_DEVICE_FAMILY = "1,2";
			};
			name = Release;
		};
		30F30510271D7316004B0074 /* Debug */ = {
			isa = XCBuildConfiguration;
			baseConfigurationReference = CABDA1465C27ECF1F2508328 /* Pods-D2DTests.debug.xcconfig */;
			buildSettings = {
				ALWAYS_EMBED_SWIFT_STANDARD_LIBRARIES = YES;
				BUNDLE_LOADER = "$(TEST_HOST)";
				CODE_SIGN_STYLE = Automatic;
				CURRENT_PROJECT_VERSION = 1;
				DEVELOPMENT_TEAM = SW8Q2CUK26;
				GENERATE_INFOPLIST_FILE = YES;
				IPHONEOS_DEPLOYMENT_TARGET = 15.0;
				LD_RUNPATH_SEARCH_PATHS = (
					"$(inherited)",
					"@executable_path/Frameworks",
					"@loader_path/Frameworks",
				);
				MARKETING_VERSION = 1.0;
				PRODUCT_BUNDLE_IDENTIFIER = Eldably.D2DTests;
				PRODUCT_NAME = "$(TARGET_NAME)";
				SWIFT_EMIT_LOC_STRINGS = NO;
				SWIFT_VERSION = 5.0;
				TARGETED_DEVICE_FAMILY = "1,2";
				TEST_HOST = "$(BUILT_PRODUCTS_DIR)/D2D.app/D2D";
			};
			name = Debug;
		};
		30F30511271D7316004B0074 /* Release */ = {
			isa = XCBuildConfiguration;
			baseConfigurationReference = 341CE57F8309EAA64CAAB6B7 /* Pods-D2DTests.release.xcconfig */;
			buildSettings = {
				ALWAYS_EMBED_SWIFT_STANDARD_LIBRARIES = YES;
				BUNDLE_LOADER = "$(TEST_HOST)";
				CODE_SIGN_STYLE = Automatic;
				CURRENT_PROJECT_VERSION = 1;
				DEVELOPMENT_TEAM = SW8Q2CUK26;
				GENERATE_INFOPLIST_FILE = YES;
				IPHONEOS_DEPLOYMENT_TARGET = 15.0;
				LD_RUNPATH_SEARCH_PATHS = (
					"$(inherited)",
					"@executable_path/Frameworks",
					"@loader_path/Frameworks",
				);
				MARKETING_VERSION = 1.0;
				PRODUCT_BUNDLE_IDENTIFIER = Eldably.D2DTests;
				PRODUCT_NAME = "$(TARGET_NAME)";
				SWIFT_EMIT_LOC_STRINGS = NO;
				SWIFT_VERSION = 5.0;
				TARGETED_DEVICE_FAMILY = "1,2";
				TEST_HOST = "$(BUILT_PRODUCTS_DIR)/D2D.app/D2D";
			};
			name = Release;
		};
		30F30513271D7316004B0074 /* Debug */ = {
			isa = XCBuildConfiguration;
			baseConfigurationReference = 4E42B513D514130D6A99AA73 /* Pods-D2D-D2DUITests.debug.xcconfig */;
			buildSettings = {
				ALWAYS_EMBED_SWIFT_STANDARD_LIBRARIES = YES;
				CODE_SIGN_STYLE = Automatic;
				CURRENT_PROJECT_VERSION = 1;
				DEVELOPMENT_TEAM = SW8Q2CUK26;
				GENERATE_INFOPLIST_FILE = YES;
				LD_RUNPATH_SEARCH_PATHS = (
					"$(inherited)",
					"@executable_path/Frameworks",
					"@loader_path/Frameworks",
				);
				MARKETING_VERSION = 1.0;
				PRODUCT_BUNDLE_IDENTIFIER = Eldably.D2DUITests;
				PRODUCT_NAME = "$(TARGET_NAME)";
				SWIFT_EMIT_LOC_STRINGS = NO;
				SWIFT_VERSION = 5.0;
				TARGETED_DEVICE_FAMILY = "1,2";
				TEST_TARGET_NAME = D2D;
			};
			name = Debug;
		};
		30F30514271D7316004B0074 /* Release */ = {
			isa = XCBuildConfiguration;
			baseConfigurationReference = 877564480D9B09FDF6456198 /* Pods-D2D-D2DUITests.release.xcconfig */;
			buildSettings = {
				ALWAYS_EMBED_SWIFT_STANDARD_LIBRARIES = YES;
				CODE_SIGN_STYLE = Automatic;
				CURRENT_PROJECT_VERSION = 1;
				DEVELOPMENT_TEAM = SW8Q2CUK26;
				GENERATE_INFOPLIST_FILE = YES;
				LD_RUNPATH_SEARCH_PATHS = (
					"$(inherited)",
					"@executable_path/Frameworks",
					"@loader_path/Frameworks",
				);
				MARKETING_VERSION = 1.0;
				PRODUCT_BUNDLE_IDENTIFIER = Eldably.D2DUITests;
				PRODUCT_NAME = "$(TARGET_NAME)";
				SWIFT_EMIT_LOC_STRINGS = NO;
				SWIFT_VERSION = 5.0;
				TARGETED_DEVICE_FAMILY = "1,2";
				TEST_TARGET_NAME = D2D;
			};
			name = Release;
		};
/* End XCBuildConfiguration section */

/* Begin XCConfigurationList section */
		30F304DD271D7312004B0074 /* Build configuration list for PBXProject "D2D" */ = {
			isa = XCConfigurationList;
			buildConfigurations = (
				30F3050A271D7316004B0074 /* Debug */,
				30F3050B271D7316004B0074 /* Release */,
			);
			defaultConfigurationIsVisible = 0;
			defaultConfigurationName = Release;
		};
		30F3050C271D7316004B0074 /* Build configuration list for PBXNativeTarget "D2D" */ = {
			isa = XCConfigurationList;
			buildConfigurations = (
				30F3050D271D7316004B0074 /* Debug */,
				30F3050E271D7316004B0074 /* Release */,
			);
			defaultConfigurationIsVisible = 0;
			defaultConfigurationName = Release;
		};
		30F3050F271D7316004B0074 /* Build configuration list for PBXNativeTarget "D2DTests" */ = {
			isa = XCConfigurationList;
			buildConfigurations = (
				30F30510271D7316004B0074 /* Debug */,
				30F30511271D7316004B0074 /* Release */,
			);
			defaultConfigurationIsVisible = 0;
			defaultConfigurationName = Release;
		};
		30F30512271D7316004B0074 /* Build configuration list for PBXNativeTarget "D2DUITests" */ = {
			isa = XCConfigurationList;
			buildConfigurations = (
				30F30513271D7316004B0074 /* Debug */,
				30F30514271D7316004B0074 /* Release */,
			);
			defaultConfigurationIsVisible = 0;
			defaultConfigurationName = Release;
		};
/* End XCConfigurationList section */
	};
	rootObject = 30F304DA271D7312004B0074 /* Project object */;
}
